// !$*UTF8*$!
{
	archiveVersion = 1;
	classes = {
	};
	objectVersion = 56;
	objects = {

/* Begin PBXBuildFile section */
		BE4FE4932AEC08D100A381FD /* APINinjasLocationsRequest.swift in Sources */ = {isa = PBXBuildFile; fileRef = BE4FE4922AEC08D100A381FD /* APINinjasLocationsRequest.swift */; };
		BE4FE4952AEC08FB00A381FD /* APINinjasTimeZoneRequest.swift in Sources */ = {isa = PBXBuildFile; fileRef = BE4FE4942AEC08FB00A381FD /* APINinjasTimeZoneRequest.swift */; };
		BE4FE4972AEC098300A381FD /* APINinjasLocation.swift in Sources */ = {isa = PBXBuildFile; fileRef = BE4FE4962AEC098300A381FD /* APINinjasLocation.swift */; };
		BE4FE49A2AEC0FEA00A381FD /* TimeZoneService.swift in Sources */ = {isa = PBXBuildFile; fileRef = BE4FE4992AEC0FEA00A381FD /* TimeZoneService.swift */; };
		BE4FE49D2AEC187000A381FD /* TimeZoneRepository.swift in Sources */ = {isa = PBXBuildFile; fileRef = BE4FE49C2AEC187000A381FD /* TimeZoneRepository.swift */; };
		BE4FE49F2AEC1A0C00A381FD /* GeocoderService.swift in Sources */ = {isa = PBXBuildFile; fileRef = BE4FE49E2AEC1A0C00A381FD /* GeocoderService.swift */; };
		BE4FE4A32AEC1D2500A381FD /* LocationsRepository.swift in Sources */ = {isa = PBXBuildFile; fileRef = BE4FE4A22AEC1D2500A381FD /* LocationsRepository.swift */; };
		BE4FE4A62AEC1E2500A381FD /* NetworkService.swift in Sources */ = {isa = PBXBuildFile; fileRef = BE4FE4A52AEC1E2500A381FD /* NetworkService.swift */; };
		BE4FE4A82AEC1EC900A381FD /* HTTPMethod.swift in Sources */ = {isa = PBXBuildFile; fileRef = BE4FE4A72AEC1EC900A381FD /* HTTPMethod.swift */; };
		BE4FE4AA2AEC1F1000A381FD /* NetworkError.swift in Sources */ = {isa = PBXBuildFile; fileRef = BE4FE4A92AEC1F1000A381FD /* NetworkError.swift */; };
		BE4FE4AD2AEC21F700A381FD /* AppleGeocoderService.swift in Sources */ = {isa = PBXBuildFile; fileRef = BE4FE4AC2AEC21F700A381FD /* AppleGeocoderService.swift */; };
		BE4FE4B12AEC228200A381FD /* MainTimeZoneRepository.swift in Sources */ = {isa = PBXBuildFile; fileRef = BE4FE4B02AEC228200A381FD /* MainTimeZoneRepository.swift */; };
		BE4FE4B52AEC22D800A381FD /* TimeZoneIdentifier.swift in Sources */ = {isa = PBXBuildFile; fileRef = BE4FE4B42AEC22D800A381FD /* TimeZoneIdentifier.swift */; };
		BE4FE4B82AEC242F00A381FD /* StandardDataParser.swift in Sources */ = {isa = PBXBuildFile; fileRef = BE4FE4B72AEC242F00A381FD /* StandardDataParser.swift */; };
		BE4FE4BC2AEC399E00A381FD /* CLPlacemark+Extensions.swift in Sources */ = {isa = PBXBuildFile; fileRef = BE4FE4BB2AEC399E00A381FD /* CLPlacemark+Extensions.swift */; };
		BE4FE4BF2AEC4A4300A381FD /* CountryCodes.swift in Sources */ = {isa = PBXBuildFile; fileRef = BE4FE4BE2AEC4A4300A381FD /* CountryCodes.swift */; };
		BE4FE4C12AEC4DE900A381FD /* APINinjasTimeZoneService.swift in Sources */ = {isa = PBXBuildFile; fileRef = BE4FE4C02AEC4DE900A381FD /* APINinjasTimeZoneService.swift */; };
		BE71B80F2ACE9F2B003AA99C /* MiniWeatherApp.swift in Sources */ = {isa = PBXBuildFile; fileRef = BE71B80E2ACE9F2B003AA99C /* MiniWeatherApp.swift */; };
		BE71B8112ACE9F2B003AA99C /* LocationsView.swift in Sources */ = {isa = PBXBuildFile; fileRef = BE71B8102ACE9F2B003AA99C /* LocationsView.swift */; };
		BE71B8132ACE9F2B003AA99C /* Location.swift in Sources */ = {isa = PBXBuildFile; fileRef = BE71B8122ACE9F2B003AA99C /* Location.swift */; };
		BE71B8152ACE9F2C003AA99C /* Assets.xcassets in Resources */ = {isa = PBXBuildFile; fileRef = BE71B8142ACE9F2C003AA99C /* Assets.xcassets */; };
		BE71B8182ACE9F2C003AA99C /* Preview Assets.xcassets in Resources */ = {isa = PBXBuildFile; fileRef = BE71B8172ACE9F2C003AA99C /* Preview Assets.xcassets */; };
		BE7DA77B2AE69EDE0016047C /* APINinjasGeodecoderService.swift in Sources */ = {isa = PBXBuildFile; fileRef = BE7DA77A2AE69EDE0016047C /* APINinjasGeodecoderService.swift */; };
		BE7DA77D2AE6B42A0016047C /* StandardNetworkService.swift in Sources */ = {isa = PBXBuildFile; fileRef = BE7DA77C2AE6B42A0016047C /* StandardNetworkService.swift */; };
		BE7DA7852AE99D800016047C /* DataParser.swift in Sources */ = {isa = PBXBuildFile; fileRef = BE7DA7842AE99D800016047C /* DataParser.swift */; };
		BE7DA7872AEA6E550016047C /* Request.swift in Sources */ = {isa = PBXBuildFile; fileRef = BE7DA7862AEA6E540016047C /* Request.swift */; };
		BE9F20F62AD04B3800CDC9F4 /* LocationsViewModel.swift in Sources */ = {isa = PBXBuildFile; fileRef = BE9F20F52AD04B3800CDC9F4 /* LocationsViewModel.swift */; };
		BE9F20F82AD0624A00CDC9F4 /* MainLocationsRepository.swift in Sources */ = {isa = PBXBuildFile; fileRef = BE9F20F72AD0624A00CDC9F4 /* MainLocationsRepository.swift */; };
		BEF4E7DA2ACF32FE0043BE93 /* AddLocationView.swift in Sources */ = {isa = PBXBuildFile; fileRef = BEF4E7D92ACF32FE0043BE93 /* AddLocationView.swift */; };
		BEF4E7DF2ACF3D890043BE93 /* ViewModel.swift in Sources */ = {isa = PBXBuildFile; fileRef = BEF4E7DE2ACF3D890043BE93 /* ViewModel.swift */; };
/* End PBXBuildFile section */

/* Begin PBXFileReference section */
		BE4FE4922AEC08D100A381FD /* APINinjasLocationsRequest.swift */ = {isa = PBXFileReference; lastKnownFileType = sourcecode.swift; path = APINinjasLocationsRequest.swift; sourceTree = "<group>"; };
		BE4FE4942AEC08FB00A381FD /* APINinjasTimeZoneRequest.swift */ = {isa = PBXFileReference; lastKnownFileType = sourcecode.swift; path = APINinjasTimeZoneRequest.swift; sourceTree = "<group>"; };
		BE4FE4962AEC098300A381FD /* APINinjasLocation.swift */ = {isa = PBXFileReference; lastKnownFileType = sourcecode.swift; path = APINinjasLocation.swift; sourceTree = "<group>"; };
		BE4FE4992AEC0FEA00A381FD /* TimeZoneService.swift */ = {isa = PBXFileReference; lastKnownFileType = sourcecode.swift; path = TimeZoneService.swift; sourceTree = "<group>"; };
		BE4FE49C2AEC187000A381FD /* TimeZoneRepository.swift */ = {isa = PBXFileReference; lastKnownFileType = sourcecode.swift; path = TimeZoneRepository.swift; sourceTree = "<group>"; };
		BE4FE49E2AEC1A0C00A381FD /* GeocoderService.swift */ = {isa = PBXFileReference; fileEncoding = 4; lastKnownFileType = sourcecode.swift; path = GeocoderService.swift; sourceTree = "<group>"; };
		BE4FE4A22AEC1D2500A381FD /* LocationsRepository.swift */ = {isa = PBXFileReference; fileEncoding = 4; lastKnownFileType = sourcecode.swift; path = LocationsRepository.swift; sourceTree = "<group>"; };
		BE4FE4A52AEC1E2500A381FD /* NetworkService.swift */ = {isa = PBXFileReference; lastKnownFileType = sourcecode.swift; path = NetworkService.swift; sourceTree = "<group>"; };
		BE4FE4A72AEC1EC900A381FD /* HTTPMethod.swift */ = {isa = PBXFileReference; lastKnownFileType = sourcecode.swift; path = HTTPMethod.swift; sourceTree = "<group>"; };
		BE4FE4A92AEC1F1000A381FD /* NetworkError.swift */ = {isa = PBXFileReference; lastKnownFileType = sourcecode.swift; path = NetworkError.swift; sourceTree = "<group>"; };
		BE4FE4AC2AEC21F700A381FD /* AppleGeocoderService.swift */ = {isa = PBXFileReference; fileEncoding = 4; lastKnownFileType = sourcecode.swift; path = AppleGeocoderService.swift; sourceTree = "<group>"; };
		BE4FE4B02AEC228200A381FD /* MainTimeZoneRepository.swift */ = {isa = PBXFileReference; lastKnownFileType = sourcecode.swift; path = MainTimeZoneRepository.swift; sourceTree = "<group>"; };
		BE4FE4B42AEC22D800A381FD /* TimeZoneIdentifier.swift */ = {isa = PBXFileReference; lastKnownFileType = sourcecode.swift; path = TimeZoneIdentifier.swift; sourceTree = "<group>"; };
		BE4FE4B72AEC242F00A381FD /* StandardDataParser.swift */ = {isa = PBXFileReference; lastKnownFileType = sourcecode.swift; path = StandardDataParser.swift; sourceTree = "<group>"; };
		BE4FE4BB2AEC399E00A381FD /* CLPlacemark+Extensions.swift */ = {isa = PBXFileReference; lastKnownFileType = sourcecode.swift; path = "CLPlacemark+Extensions.swift"; sourceTree = "<group>"; };
		BE4FE4BE2AEC4A4300A381FD /* CountryCodes.swift */ = {isa = PBXFileReference; fileEncoding = 4; lastKnownFileType = sourcecode.swift; path = CountryCodes.swift; sourceTree = "<group>"; };
		BE4FE4C02AEC4DE900A381FD /* APINinjasTimeZoneService.swift */ = {isa = PBXFileReference; lastKnownFileType = sourcecode.swift; path = APINinjasTimeZoneService.swift; sourceTree = "<group>"; };
		BE71B80B2ACE9F2B003AA99C /* MiniWeather.app */ = {isa = PBXFileReference; explicitFileType = wrapper.application; includeInIndex = 0; path = MiniWeather.app; sourceTree = BUILT_PRODUCTS_DIR; };
		BE71B80E2ACE9F2B003AA99C /* MiniWeatherApp.swift */ = {isa = PBXFileReference; lastKnownFileType = sourcecode.swift; path = MiniWeatherApp.swift; sourceTree = "<group>"; };
		BE71B8102ACE9F2B003AA99C /* LocationsView.swift */ = {isa = PBXFileReference; lastKnownFileType = sourcecode.swift; path = LocationsView.swift; sourceTree = "<group>"; };
		BE71B8122ACE9F2B003AA99C /* Location.swift */ = {isa = PBXFileReference; lastKnownFileType = sourcecode.swift; path = Location.swift; sourceTree = "<group>"; };
		BE71B8142ACE9F2C003AA99C /* Assets.xcassets */ = {isa = PBXFileReference; lastKnownFileType = folder.assetcatalog; path = Assets.xcassets; sourceTree = "<group>"; };
		BE71B8172ACE9F2C003AA99C /* Preview Assets.xcassets */ = {isa = PBXFileReference; lastKnownFileType = folder.assetcatalog; path = "Preview Assets.xcassets"; sourceTree = "<group>"; };
		BE71B8192ACE9F2C003AA99C /* MiniWeather.entitlements */ = {isa = PBXFileReference; lastKnownFileType = text.plist.entitlements; path = MiniWeather.entitlements; sourceTree = "<group>"; };
		BE71B81A2ACE9F2C003AA99C /* Info.plist */ = {isa = PBXFileReference; lastKnownFileType = text.plist.xml; path = Info.plist; sourceTree = "<group>"; };
		BE7DA77A2AE69EDE0016047C /* APINinjasGeodecoderService.swift */ = {isa = PBXFileReference; lastKnownFileType = sourcecode.swift; path = APINinjasGeodecoderService.swift; sourceTree = "<group>"; };
		BE7DA77C2AE6B42A0016047C /* StandardNetworkService.swift */ = {isa = PBXFileReference; lastKnownFileType = sourcecode.swift; path = StandardNetworkService.swift; sourceTree = "<group>"; };
		BE7DA7842AE99D800016047C /* DataParser.swift */ = {isa = PBXFileReference; lastKnownFileType = sourcecode.swift; path = DataParser.swift; sourceTree = "<group>"; };
		BE7DA7862AEA6E540016047C /* Request.swift */ = {isa = PBXFileReference; fileEncoding = 4; lastKnownFileType = sourcecode.swift; path = Request.swift; sourceTree = "<group>"; };
		BE9F20F52AD04B3800CDC9F4 /* LocationsViewModel.swift */ = {isa = PBXFileReference; lastKnownFileType = sourcecode.swift; path = LocationsViewModel.swift; sourceTree = "<group>"; };
		BE9F20F72AD0624A00CDC9F4 /* MainLocationsRepository.swift */ = {isa = PBXFileReference; lastKnownFileType = sourcecode.swift; path = MainLocationsRepository.swift; sourceTree = "<group>"; };
		BEF4E7D92ACF32FE0043BE93 /* AddLocationView.swift */ = {isa = PBXFileReference; lastKnownFileType = sourcecode.swift; path = AddLocationView.swift; sourceTree = "<group>"; };
		BEF4E7DE2ACF3D890043BE93 /* ViewModel.swift */ = {isa = PBXFileReference; lastKnownFileType = sourcecode.swift; path = ViewModel.swift; sourceTree = "<group>"; };
/* End PBXFileReference section */

/* Begin PBXFrameworksBuildPhase section */
		BE71B8082ACE9F2B003AA99C /* Frameworks */ = {
			isa = PBXFrameworksBuildPhase;
			buildActionMask = 2147483647;
			files = (
			);
			runOnlyForDeploymentPostprocessing = 0;
		};
/* End PBXFrameworksBuildPhase section */

/* Begin PBXGroup section */
		BE4FE4982AEC0C3C00A381FD /* Requests */ = {
			isa = PBXGroup;
			children = (
				BE7DA7862AEA6E540016047C /* Request.swift */,
				BE4FE4922AEC08D100A381FD /* APINinjasLocationsRequest.swift */,
				BE4FE4942AEC08FB00A381FD /* APINinjasTimeZoneRequest.swift */,
			);
			path = Requests;
			sourceTree = "<group>";
		};
		BE4FE49B2AEC12EB00A381FD /* UI */ = {
			isa = PBXGroup;
			children = (
				BEF4E7DD2ACF3D770043BE93 /* Add Location */,
				BEF4E7E02ACF41A10043BE93 /* Locations */,
			);
			path = UI;
			sourceTree = "<group>";
		};
		BE4FE4A02AEC1AA800A381FD /* Location & Geocoding */ = {
			isa = PBXGroup;
			children = (
				BE4FE4AE2AEC220F00A381FD /* Models */,
				BE4FE4AF2AEC221F00A381FD /* Repository */,
				BE4FE4AB2AEC21CF00A381FD /* Service */,
			);
			path = "Location & Geocoding";
			sourceTree = "<group>";
		};
		BE4FE4A12AEC1AB500A381FD /* TimeZone */ = {
			isa = PBXGroup;
			children = (
				BE4FE4B62AEC22F300A381FD /* Models */,
				BE4FE4B32AEC22B900A381FD /* Repository */,
				BE4FE4B22AEC22AB00A381FD /* Service */,
			);
			path = TimeZone;
			sourceTree = "<group>";
		};
		BE4FE4A42AEC1E1200A381FD /* Network */ = {
			isa = PBXGroup;
			children = (
				BE4FE4A72AEC1EC900A381FD /* HTTPMethod.swift */,
				BE4FE4A92AEC1F1000A381FD /* NetworkError.swift */,
				BE4FE4A52AEC1E2500A381FD /* NetworkService.swift */,
				BE7DA77C2AE6B42A0016047C /* StandardNetworkService.swift */,
			);
			path = Network;
			sourceTree = "<group>";
		};
		BE4FE4AB2AEC21CF00A381FD /* Service */ = {
			isa = PBXGroup;
			children = (
				BE4FE49E2AEC1A0C00A381FD /* GeocoderService.swift */,
				BE4FE4AC2AEC21F700A381FD /* AppleGeocoderService.swift */,
				BE7DA77A2AE69EDE0016047C /* APINinjasGeodecoderService.swift */,
			);
			path = Service;
			sourceTree = "<group>";
		};
		BE4FE4AE2AEC220F00A381FD /* Models */ = {
			isa = PBXGroup;
			children = (
				BE71B8122ACE9F2B003AA99C /* Location.swift */,
				BE4FE4962AEC098300A381FD /* APINinjasLocation.swift */,
			);
			path = Models;
			sourceTree = "<group>";
		};
		BE4FE4AF2AEC221F00A381FD /* Repository */ = {
			isa = PBXGroup;
			children = (
				BE4FE4A22AEC1D2500A381FD /* LocationsRepository.swift */,
				BE9F20F72AD0624A00CDC9F4 /* MainLocationsRepository.swift */,
			);
			path = Repository;
			sourceTree = "<group>";
		};
		BE4FE4B22AEC22AB00A381FD /* Service */ = {
			isa = PBXGroup;
			children = (
				BE4FE4992AEC0FEA00A381FD /* TimeZoneService.swift */,
				BE4FE4C02AEC4DE900A381FD /* APINinjasTimeZoneService.swift */,
			);
			path = Service;
			sourceTree = "<group>";
		};
		BE4FE4B32AEC22B900A381FD /* Repository */ = {
			isa = PBXGroup;
			children = (
				BE4FE49C2AEC187000A381FD /* TimeZoneRepository.swift */,
				BE4FE4B02AEC228200A381FD /* MainTimeZoneRepository.swift */,
			);
			path = Repository;
			sourceTree = "<group>";
		};
		BE4FE4B62AEC22F300A381FD /* Models */ = {
			isa = PBXGroup;
			children = (
				BE4FE4B42AEC22D800A381FD /* TimeZoneIdentifier.swift */,
			);
			path = Models;
			sourceTree = "<group>";
		};
		BE4FE4B92AEC249200A381FD /* Parser */ = {
			isa = PBXGroup;
			children = (
				BE7DA7842AE99D800016047C /* DataParser.swift */,
				BE4FE4B72AEC242F00A381FD /* StandardDataParser.swift */,
			);
			path = Parser;
			sourceTree = "<group>";
		};
		BE4FE4BA2AEC397000A381FD /* Extensions */ = {
			isa = PBXGroup;
			children = (
				BE4FE4BB2AEC399E00A381FD /* CLPlacemark+Extensions.swift */,
			);
			path = Extensions;
			sourceTree = "<group>";
		};
		BE4FE4BD2AEC4A3B00A381FD /* Other */ = {
			isa = PBXGroup;
			children = (
				BE4FE4BE2AEC4A4300A381FD /* CountryCodes.swift */,
			);
			path = Other;
			sourceTree = "<group>";
		};
		BE71B8022ACE9F2B003AA99C = {
			isa = PBXGroup;
			children = (
				BE71B80D2ACE9F2B003AA99C /* MiniWeather */,
				BE71B80C2ACE9F2B003AA99C /* Products */,
			);
			sourceTree = "<group>";
		};
		BE71B80C2ACE9F2B003AA99C /* Products */ = {
			isa = PBXGroup;
			children = (
				BE71B80B2ACE9F2B003AA99C /* MiniWeather.app */,
			);
			name = Products;
			sourceTree = "<group>";
		};
		BE71B80D2ACE9F2B003AA99C /* MiniWeather */ = {
			isa = PBXGroup;
			children = (
				BE4FE4BD2AEC4A3B00A381FD /* Other */,
				BE4FE4BA2AEC397000A381FD /* Extensions */,
				BE4FE49B2AEC12EB00A381FD /* UI */,
				BE4FE4A12AEC1AB500A381FD /* TimeZone */,
				BE4FE4A02AEC1AA800A381FD /* Location & Geocoding */,
				BE4FE4A42AEC1E1200A381FD /* Network */,
				BE4FE4982AEC0C3C00A381FD /* Requests */,
				BE4FE4B92AEC249200A381FD /* Parser */,
				BE71B80E2ACE9F2B003AA99C /* MiniWeatherApp.swift */,
				BE71B8142ACE9F2C003AA99C /* Assets.xcassets */,
				BE71B8192ACE9F2C003AA99C /* MiniWeather.entitlements */,
				BE71B81A2ACE9F2C003AA99C /* Info.plist */,
				BE71B8162ACE9F2C003AA99C /* Preview Content */,
			);
			path = MiniWeather;
			sourceTree = "<group>";
		};
		BE71B8162ACE9F2C003AA99C /* Preview Content */ = {
			isa = PBXGroup;
			children = (
				BE71B8172ACE9F2C003AA99C /* Preview Assets.xcassets */,
			);
			path = "Preview Content";
			sourceTree = "<group>";
		};
		BEF4E7DD2ACF3D770043BE93 /* Add Location */ = {
			isa = PBXGroup;
			children = (
				BEF4E7E22ACF41BA0043BE93 /* Views */,
				BEF4E7E32ACF41C50043BE93 /* Models */,
			);
			path = "Add Location";
			sourceTree = "<group>";
		};
		BEF4E7E02ACF41A10043BE93 /* Locations */ = {
			isa = PBXGroup;
			children = (
				BEF4E7E42ACF41D90043BE93 /* Views */,
				BEF4E7E12ACF41AE0043BE93 /* Models */,
			);
			path = Locations;
			sourceTree = "<group>";
		};
		BEF4E7E12ACF41AE0043BE93 /* Models */ = {
			isa = PBXGroup;
			children = (
				BE9F20F52AD04B3800CDC9F4 /* LocationsViewModel.swift */,
			);
			path = Models;
			sourceTree = "<group>";
		};
		BEF4E7E22ACF41BA0043BE93 /* Views */ = {
			isa = PBXGroup;
			children = (
				BEF4E7D92ACF32FE0043BE93 /* AddLocationView.swift */,
			);
			path = Views;
			sourceTree = "<group>";
		};
		BEF4E7E32ACF41C50043BE93 /* Models */ = {
			isa = PBXGroup;
			children = (
				BEF4E7DE2ACF3D890043BE93 /* ViewModel.swift */,
			);
			path = Models;
			sourceTree = "<group>";
		};
		BEF4E7E42ACF41D90043BE93 /* Views */ = {
			isa = PBXGroup;
			children = (
				BE71B8102ACE9F2B003AA99C /* LocationsView.swift */,
			);
			path = Views;
			sourceTree = "<group>";
		};
/* End PBXGroup section */

/* Begin PBXNativeTarget section */
		BE71B80A2ACE9F2B003AA99C /* MiniWeather */ = {
			isa = PBXNativeTarget;
			buildConfigurationList = BE71B81D2ACE9F2C003AA99C /* Build configuration list for PBXNativeTarget "MiniWeather" */;
			buildPhases = (
				BE71B8072ACE9F2B003AA99C /* Sources */,
				BE71B8082ACE9F2B003AA99C /* Frameworks */,
				BE71B8092ACE9F2B003AA99C /* Resources */,
			);
			buildRules = (
			);
			dependencies = (
			);
			name = MiniWeather;
			productName = MiniWeather;
			productReference = BE71B80B2ACE9F2B003AA99C /* MiniWeather.app */;
			productType = "com.apple.product-type.application";
		};
/* End PBXNativeTarget section */

/* Begin PBXProject section */
		BE71B8032ACE9F2B003AA99C /* Project object */ = {
			isa = PBXProject;
			attributes = {
				BuildIndependentTargetsInParallel = 1;
				LastSwiftUpdateCheck = 1500;
				LastUpgradeCheck = 1500;
				TargetAttributes = {
					BE71B80A2ACE9F2B003AA99C = {
						CreatedOnToolsVersion = 15.0;
					};
				};
			};
			buildConfigurationList = BE71B8062ACE9F2B003AA99C /* Build configuration list for PBXProject "MiniWeather" */;
			compatibilityVersion = "Xcode 14.0";
			developmentRegion = en;
			hasScannedForEncodings = 0;
			knownRegions = (
				en,
				Base,
			);
			mainGroup = BE71B8022ACE9F2B003AA99C;
			productRefGroup = BE71B80C2ACE9F2B003AA99C /* Products */;
			projectDirPath = "";
			projectRoot = "";
			targets = (
				BE71B80A2ACE9F2B003AA99C /* MiniWeather */,
			);
		};
/* End PBXProject section */

/* Begin PBXResourcesBuildPhase section */
		BE71B8092ACE9F2B003AA99C /* Resources */ = {
			isa = PBXResourcesBuildPhase;
			buildActionMask = 2147483647;
			files = (
				BE71B8182ACE9F2C003AA99C /* Preview Assets.xcassets in Resources */,
				BE71B8152ACE9F2C003AA99C /* Assets.xcassets in Resources */,
			);
			runOnlyForDeploymentPostprocessing = 0;
		};
/* End PBXResourcesBuildPhase section */

/* Begin PBXSourcesBuildPhase section */
		BE71B8072ACE9F2B003AA99C /* Sources */ = {
			isa = PBXSourcesBuildPhase;
			buildActionMask = 2147483647;
			files = (
				BE4FE4B82AEC242F00A381FD /* StandardDataParser.swift in Sources */,
				BE4FE49F2AEC1A0C00A381FD /* GeocoderService.swift in Sources */,
				BEF4E7DF2ACF3D890043BE93 /* ViewModel.swift in Sources */,
				BE4FE4A82AEC1EC900A381FD /* HTTPMethod.swift in Sources */,
				BE4FE4932AEC08D100A381FD /* APINinjasLocationsRequest.swift in Sources */,
				BE4FE4BF2AEC4A4300A381FD /* CountryCodes.swift in Sources */,
				BE7DA77B2AE69EDE0016047C /* APINinjasGeodecoderService.swift in Sources */,
				BE71B8112ACE9F2B003AA99C /* LocationsView.swift in Sources */,
				BEF4E7DA2ACF32FE0043BE93 /* AddLocationView.swift in Sources */,
				BE4FE4B12AEC228200A381FD /* MainTimeZoneRepository.swift in Sources */,
				BE4FE4952AEC08FB00A381FD /* APINinjasTimeZoneRequest.swift in Sources */,
				BE4FE4B52AEC22D800A381FD /* TimeZoneIdentifier.swift in Sources */,
				BE9F20F62AD04B3800CDC9F4 /* LocationsViewModel.swift in Sources */,
				BE4FE4AD2AEC21F700A381FD /* AppleGeocoderService.swift in Sources */,
				BE4FE4AA2AEC1F1000A381FD /* NetworkError.swift in Sources */,
				BE7DA7872AEA6E550016047C /* Request.swift in Sources */,
				BE4FE4972AEC098300A381FD /* APINinjasLocation.swift in Sources */,
				BE4FE4A62AEC1E2500A381FD /* NetworkService.swift in Sources */,
				BE4FE4BC2AEC399E00A381FD /* CLPlacemark+Extensions.swift in Sources */,
				BE4FE49A2AEC0FEA00A381FD /* TimeZoneService.swift in Sources */,
				BE4FE49D2AEC187000A381FD /* TimeZoneRepository.swift in Sources */,
				BE71B8132ACE9F2B003AA99C /* Location.swift in Sources */,
				BE4FE4C12AEC4DE900A381FD /* APINinjasTimeZoneService.swift in Sources */,
				BE71B80F2ACE9F2B003AA99C /* MiniWeatherApp.swift in Sources */,
				BE4FE4A32AEC1D2500A381FD /* LocationsRepository.swift in Sources */,
				BE7DA77D2AE6B42A0016047C /* StandardNetworkService.swift in Sources */,
				BE7DA7852AE99D800016047C /* DataParser.swift in Sources */,
				BE9F20F82AD0624A00CDC9F4 /* MainLocationsRepository.swift in Sources */,
			);
			runOnlyForDeploymentPostprocessing = 0;
		};
/* End PBXSourcesBuildPhase section */

/* Begin XCBuildConfiguration section */
		BE71B81B2ACE9F2C003AA99C /* Debug */ = {
			isa = XCBuildConfiguration;
			buildSettings = {
				ALWAYS_SEARCH_USER_PATHS = NO;
				ASSETCATALOG_COMPILER_GENERATE_SWIFT_ASSET_SYMBOL_EXTENSIONS = YES;
				CLANG_ANALYZER_NONNULL = YES;
				CLANG_ANALYZER_NUMBER_OBJECT_CONVERSION = YES_AGGRESSIVE;
				CLANG_CXX_LANGUAGE_STANDARD = "gnu++20";
				CLANG_ENABLE_MODULES = YES;
				CLANG_ENABLE_OBJC_ARC = YES;
				CLANG_ENABLE_OBJC_WEAK = YES;
				CLANG_WARN_BLOCK_CAPTURE_AUTORELEASING = YES;
				CLANG_WARN_BOOL_CONVERSION = YES;
				CLANG_WARN_COMMA = YES;
				CLANG_WARN_CONSTANT_CONVERSION = YES;
				CLANG_WARN_DEPRECATED_OBJC_IMPLEMENTATIONS = YES;
				CLANG_WARN_DIRECT_OBJC_ISA_USAGE = YES_ERROR;
				CLANG_WARN_DOCUMENTATION_COMMENTS = YES;
				CLANG_WARN_EMPTY_BODY = YES;
				CLANG_WARN_ENUM_CONVERSION = YES;
				CLANG_WARN_INFINITE_RECURSION = YES;
				CLANG_WARN_INT_CONVERSION = YES;
				CLANG_WARN_NON_LITERAL_NULL_CONVERSION = YES;
				CLANG_WARN_OBJC_IMPLICIT_RETAIN_SELF = YES;
				CLANG_WARN_OBJC_LITERAL_CONVERSION = YES;
				CLANG_WARN_OBJC_ROOT_CLASS = YES_ERROR;
				CLANG_WARN_QUOTED_INCLUDE_IN_FRAMEWORK_HEADER = YES;
				CLANG_WARN_RANGE_LOOP_ANALYSIS = YES;
				CLANG_WARN_STRICT_PROTOTYPES = YES;
				CLANG_WARN_SUSPICIOUS_MOVE = YES;
				CLANG_WARN_UNGUARDED_AVAILABILITY = YES_AGGRESSIVE;
				CLANG_WARN_UNREACHABLE_CODE = YES;
				CLANG_WARN__DUPLICATE_METHOD_MATCH = YES;
				COPY_PHASE_STRIP = NO;
				DEBUG_INFORMATION_FORMAT = dwarf;
				ENABLE_STRICT_OBJC_MSGSEND = YES;
				ENABLE_TESTABILITY = YES;
				ENABLE_USER_SCRIPT_SANDBOXING = YES;
				GCC_C_LANGUAGE_STANDARD = gnu17;
				GCC_DYNAMIC_NO_PIC = NO;
				GCC_NO_COMMON_BLOCKS = YES;
				GCC_OPTIMIZATION_LEVEL = 0;
				GCC_PREPROCESSOR_DEFINITIONS = (
					"DEBUG=1",
					"$(inherited)",
				);
				GCC_WARN_64_TO_32_BIT_CONVERSION = YES;
				GCC_WARN_ABOUT_RETURN_TYPE = YES_ERROR;
				GCC_WARN_UNDECLARED_SELECTOR = YES;
				GCC_WARN_UNINITIALIZED_AUTOS = YES_AGGRESSIVE;
				GCC_WARN_UNUSED_FUNCTION = YES;
				GCC_WARN_UNUSED_VARIABLE = YES;
				IPHONEOS_DEPLOYMENT_TARGET = 17.0;
				LOCALIZATION_PREFERS_STRING_CATALOGS = YES;
				MTL_ENABLE_DEBUG_INFO = INCLUDE_SOURCE;
				MTL_FAST_MATH = YES;
				ONLY_ACTIVE_ARCH = YES;
				SDKROOT = iphoneos;
				SWIFT_ACTIVE_COMPILATION_CONDITIONS = "DEBUG $(inherited)";
				SWIFT_OPTIMIZATION_LEVEL = "-Onone";
			};
			name = Debug;
		};
		BE71B81C2ACE9F2C003AA99C /* Release */ = {
			isa = XCBuildConfiguration;
			buildSettings = {
				ALWAYS_SEARCH_USER_PATHS = NO;
				ASSETCATALOG_COMPILER_GENERATE_SWIFT_ASSET_SYMBOL_EXTENSIONS = YES;
				CLANG_ANALYZER_NONNULL = YES;
				CLANG_ANALYZER_NUMBER_OBJECT_CONVERSION = YES_AGGRESSIVE;
				CLANG_CXX_LANGUAGE_STANDARD = "gnu++20";
				CLANG_ENABLE_MODULES = YES;
				CLANG_ENABLE_OBJC_ARC = YES;
				CLANG_ENABLE_OBJC_WEAK = YES;
				CLANG_WARN_BLOCK_CAPTURE_AUTORELEASING = YES;
				CLANG_WARN_BOOL_CONVERSION = YES;
				CLANG_WARN_COMMA = YES;
				CLANG_WARN_CONSTANT_CONVERSION = YES;
				CLANG_WARN_DEPRECATED_OBJC_IMPLEMENTATIONS = YES;
				CLANG_WARN_DIRECT_OBJC_ISA_USAGE = YES_ERROR;
				CLANG_WARN_DOCUMENTATION_COMMENTS = YES;
				CLANG_WARN_EMPTY_BODY = YES;
				CLANG_WARN_ENUM_CONVERSION = YES;
				CLANG_WARN_INFINITE_RECURSION = YES;
				CLANG_WARN_INT_CONVERSION = YES;
				CLANG_WARN_NON_LITERAL_NULL_CONVERSION = YES;
				CLANG_WARN_OBJC_IMPLICIT_RETAIN_SELF = YES;
				CLANG_WARN_OBJC_LITERAL_CONVERSION = YES;
				CLANG_WARN_OBJC_ROOT_CLASS = YES_ERROR;
				CLANG_WARN_QUOTED_INCLUDE_IN_FRAMEWORK_HEADER = YES;
				CLANG_WARN_RANGE_LOOP_ANALYSIS = YES;
				CLANG_WARN_STRICT_PROTOTYPES = YES;
				CLANG_WARN_SUSPICIOUS_MOVE = YES;
				CLANG_WARN_UNGUARDED_AVAILABILITY = YES_AGGRESSIVE;
				CLANG_WARN_UNREACHABLE_CODE = YES;
				CLANG_WARN__DUPLICATE_METHOD_MATCH = YES;
				COPY_PHASE_STRIP = NO;
				DEBUG_INFORMATION_FORMAT = "dwarf-with-dsym";
				ENABLE_NS_ASSERTIONS = NO;
				ENABLE_STRICT_OBJC_MSGSEND = YES;
				ENABLE_USER_SCRIPT_SANDBOXING = YES;
				GCC_C_LANGUAGE_STANDARD = gnu17;
				GCC_NO_COMMON_BLOCKS = YES;
				GCC_WARN_64_TO_32_BIT_CONVERSION = YES;
				GCC_WARN_ABOUT_RETURN_TYPE = YES_ERROR;
				GCC_WARN_UNDECLARED_SELECTOR = YES;
				GCC_WARN_UNINITIALIZED_AUTOS = YES_AGGRESSIVE;
				GCC_WARN_UNUSED_FUNCTION = YES;
				GCC_WARN_UNUSED_VARIABLE = YES;
				IPHONEOS_DEPLOYMENT_TARGET = 17.0;
				LOCALIZATION_PREFERS_STRING_CATALOGS = YES;
				MTL_ENABLE_DEBUG_INFO = NO;
				MTL_FAST_MATH = YES;
				SDKROOT = iphoneos;
				SWIFT_COMPILATION_MODE = wholemodule;
				VALIDATE_PRODUCT = YES;
			};
			name = Release;
		};
		BE71B81E2ACE9F2C003AA99C /* Debug */ = {
			isa = XCBuildConfiguration;
			buildSettings = {
				ASSETCATALOG_COMPILER_APPICON_NAME = AppIcon;
				ASSETCATALOG_COMPILER_GLOBAL_ACCENT_COLOR_NAME = AccentColor;
				CODE_SIGN_ENTITLEMENTS = MiniWeather/MiniWeather.entitlements;
				CODE_SIGN_IDENTITY = "Apple Development";
				CODE_SIGN_STYLE = Automatic;
				CURRENT_PROJECT_VERSION = 1;
				DEVELOPMENT_ASSET_PATHS = "\"MiniWeather/Preview Content\"";
				DEVELOPMENT_TEAM = P75398C8MB;
				ENABLE_PREVIEWS = YES;
				GENERATE_INFOPLIST_FILE = YES;
				INFOPLIST_FILE = MiniWeather/Info.plist;
				INFOPLIST_KEY_UIApplicationSceneManifest_Generation = YES;
				INFOPLIST_KEY_UIApplicationSupportsIndirectInputEvents = YES;
				INFOPLIST_KEY_UILaunchScreen_Generation = YES;
				INFOPLIST_KEY_UISupportedInterfaceOrientations_iPad = "UIInterfaceOrientationPortrait UIInterfaceOrientationPortraitUpsideDown UIInterfaceOrientationLandscapeLeft UIInterfaceOrientationLandscapeRight";
				INFOPLIST_KEY_UISupportedInterfaceOrientations_iPhone = "UIInterfaceOrientationPortrait UIInterfaceOrientationLandscapeLeft UIInterfaceOrientationLandscapeRight";
				LD_RUNPATH_SEARCH_PATHS = (
					"$(inherited)",
					"@executable_path/Frameworks",
				);
				MARKETING_VERSION = 1.0;
				PRODUCT_BUNDLE_IDENTIFIER = com.okoroezenwa.MiniWeather;
				PRODUCT_NAME = "$(TARGET_NAME)";
				PROVISIONING_PROFILE_SPECIFIER = "";
				SWIFT_EMIT_LOC_STRINGS = YES;
				SWIFT_VERSION = 5.0;
				TARGETED_DEVICE_FAMILY = "1,2";
			};
			name = Debug;
		};
		BE71B81F2ACE9F2C003AA99C /* Release */ = {
			isa = XCBuildConfiguration;
			buildSettings = {
				ASSETCATALOG_COMPILER_APPICON_NAME = AppIcon;
				ASSETCATALOG_COMPILER_GLOBAL_ACCENT_COLOR_NAME = AccentColor;
				CODE_SIGN_ENTITLEMENTS = MiniWeather/MiniWeather.entitlements;
				CODE_SIGN_IDENTITY = "Apple Development";
				CODE_SIGN_STYLE = Automatic;
				CURRENT_PROJECT_VERSION = 1;
				DEVELOPMENT_ASSET_PATHS = "\"MiniWeather/Preview Content\"";
				DEVELOPMENT_TEAM = P75398C8MB;
				ENABLE_PREVIEWS = YES;
				GENERATE_INFOPLIST_FILE = YES;
				INFOPLIST_FILE = MiniWeather/Info.plist;
				INFOPLIST_KEY_UIApplicationSceneManifest_Generation = YES;
				INFOPLIST_KEY_UIApplicationSupportsIndirectInputEvents = YES;
				INFOPLIST_KEY_UILaunchScreen_Generation = YES;
				INFOPLIST_KEY_UISupportedInterfaceOrientations_iPad = "UIInterfaceOrientationPortrait UIInterfaceOrientationPortraitUpsideDown UIInterfaceOrientationLandscapeLeft UIInterfaceOrientationLandscapeRight";
				INFOPLIST_KEY_UISupportedInterfaceOrientations_iPhone = "UIInterfaceOrientationPortrait UIInterfaceOrientationLandscapeLeft UIInterfaceOrientationLandscapeRight";
				LD_RUNPATH_SEARCH_PATHS = (
					"$(inherited)",
					"@executable_path/Frameworks",
				);
				MARKETING_VERSION = 1.0;
				PRODUCT_BUNDLE_IDENTIFIER = com.okoroezenwa.MiniWeather;
				PRODUCT_NAME = "$(TARGET_NAME)";
				PROVISIONING_PROFILE_SPECIFIER = "";
				SWIFT_EMIT_LOC_STRINGS = YES;
				SWIFT_VERSION = 5.0;
				TARGETED_DEVICE_FAMILY = "1,2";
			};
			name = Release;
		};
/* End XCBuildConfiguration section */

/* Begin XCConfigurationList section */
		BE71B8062ACE9F2B003AA99C /* Build configuration list for PBXProject "MiniWeather" */ = {
			isa = XCConfigurationList;
			buildConfigurations = (
				BE71B81B2ACE9F2C003AA99C /* Debug */,
				BE71B81C2ACE9F2C003AA99C /* Release */,
			);
			defaultConfigurationIsVisible = 0;
			defaultConfigurationName = Release;
		};
		BE71B81D2ACE9F2C003AA99C /* Build configuration list for PBXNativeTarget "MiniWeather" */ = {
			isa = XCConfigurationList;
			buildConfigurations = (
				BE71B81E2ACE9F2C003AA99C /* Debug */,
				BE71B81F2ACE9F2C003AA99C /* Release */,
			);
			defaultConfigurationIsVisible = 0;
			defaultConfigurationName = Release;
		};
/* End XCConfigurationList section */
	};
	rootObject = BE71B8032ACE9F2B003AA99C /* Project object */;
}
