// !$*UTF8*$!
{
	archiveVersion = 1;
	classes = {
	};
	objectVersion = 56;
	objects = {

/* Begin PBXBuildFile section */
		BE2D18BB2B134F0A0012D1F0 /* OpenWeatherMapTimeZoneService.swift in Sources */ = {isa = PBXBuildFile; fileRef = BE2D18BA2B134F0A0012D1F0 /* OpenWeatherMapTimeZoneService.swift */; };
		BE2D18BD2B1502CE0012D1F0 /* OpenWeatherMapWeather.swift in Sources */ = {isa = PBXBuildFile; fileRef = BE2D18BC2B1502CE0012D1F0 /* OpenWeatherMapWeather.swift */; };
		BE2D18BF2B1503850012D1F0 /* OpenWeatherMapCodables.swift in Sources */ = {isa = PBXBuildFile; fileRef = BE2D18BE2B1503850012D1F0 /* OpenWeatherMapCodables.swift */; };
		BE2D18C12B150CF40012D1F0 /* OpenWeatherMapWeatherRequest.swift in Sources */ = {isa = PBXBuildFile; fileRef = BE2D18C02B150CF40012D1F0 /* OpenWeatherMapWeatherRequest.swift */; };
		BE2D18C32B150DAC0012D1F0 /* OpenWeatherMapWeatherService.swift in Sources */ = {isa = PBXBuildFile; fileRef = BE2D18C22B150DAC0012D1F0 /* OpenWeatherMapWeatherService.swift */; };
		BE44D6B32B128EE700897390 /* MemoryDatastore.swift in Sources */ = {isa = PBXBuildFile; fileRef = BE44D6B22B128EE700897390 /* MemoryDatastore.swift */; };
		BE4675182AFE8EEE00E9FAA3 /* View+Extensions.swift in Sources */ = {isa = PBXBuildFile; fileRef = BE4675172AFE8EEE00E9FAA3 /* View+Extensions.swift */; };
		BE46751A2AFFB38400E9FAA3 /* LocationManagerDelegate.swift in Sources */ = {isa = PBXBuildFile; fileRef = BE4675192AFFB38400E9FAA3 /* LocationManagerDelegate.swift */; };
		BE4B45BC2B06C56D007DBF66 /* ShapeStyle+Extensions.swift in Sources */ = {isa = PBXBuildFile; fileRef = BE4B45BB2B06C56D007DBF66 /* ShapeStyle+Extensions.swift */; };
		BE4E41B42AFA45A2008B07D5 /* Listener.swift in Sources */ = {isa = PBXBuildFile; fileRef = BE4E41B32AFA45A2008B07D5 /* Listener.swift */; };
		BE4E41B92AFBE61C008B07D5 /* ViewModel.swift in Sources */ = {isa = PBXBuildFile; fileRef = BE4E41B82AFBE61C008B07D5 /* ViewModel.swift */; };
		BE4FE4932AEC08D100A381FD /* APINinjasGeocodingRequest.swift in Sources */ = {isa = PBXBuildFile; fileRef = BE4FE4922AEC08D100A381FD /* APINinjasGeocodingRequest.swift */; };
		BE4FE4952AEC08FB00A381FD /* APINinjasTimeZoneRequest.swift in Sources */ = {isa = PBXBuildFile; fileRef = BE4FE4942AEC08FB00A381FD /* APINinjasTimeZoneRequest.swift */; };
		BE4FE4972AEC098300A381FD /* APINinjasLocation.swift in Sources */ = {isa = PBXBuildFile; fileRef = BE4FE4962AEC098300A381FD /* APINinjasLocation.swift */; };
		BE4FE49A2AEC0FEA00A381FD /* TimeZoneService.swift in Sources */ = {isa = PBXBuildFile; fileRef = BE4FE4992AEC0FEA00A381FD /* TimeZoneService.swift */; };
		BE4FE49D2AEC187000A381FD /* TimeZoneRepository.swift in Sources */ = {isa = PBXBuildFile; fileRef = BE4FE49C2AEC187000A381FD /* TimeZoneRepository.swift */; };
		BE4FE49F2AEC1A0C00A381FD /* GeocoderService.swift in Sources */ = {isa = PBXBuildFile; fileRef = BE4FE49E2AEC1A0C00A381FD /* GeocoderService.swift */; };
		BE4FE4A32AEC1D2500A381FD /* LocationsSearchRepository.swift in Sources */ = {isa = PBXBuildFile; fileRef = BE4FE4A22AEC1D2500A381FD /* LocationsSearchRepository.swift */; };
		BE4FE4A62AEC1E2500A381FD /* NetworkService.swift in Sources */ = {isa = PBXBuildFile; fileRef = BE4FE4A52AEC1E2500A381FD /* NetworkService.swift */; };
		BE4FE4A82AEC1EC900A381FD /* HTTPMethod.swift in Sources */ = {isa = PBXBuildFile; fileRef = BE4FE4A72AEC1EC900A381FD /* HTTPMethod.swift */; };
		BE4FE4AA2AEC1F1000A381FD /* NetworkError.swift in Sources */ = {isa = PBXBuildFile; fileRef = BE4FE4A92AEC1F1000A381FD /* NetworkError.swift */; };
		BE4FE4AD2AEC21F700A381FD /* AppleGeocoderService.swift in Sources */ = {isa = PBXBuildFile; fileRef = BE4FE4AC2AEC21F700A381FD /* AppleGeocoderService.swift */; };
		BE4FE4B12AEC228200A381FD /* MainTimeZoneRepository.swift in Sources */ = {isa = PBXBuildFile; fileRef = BE4FE4B02AEC228200A381FD /* MainTimeZoneRepository.swift */; };
		BE4FE4B52AEC22D800A381FD /* TimeZoneIdentifier.swift in Sources */ = {isa = PBXBuildFile; fileRef = BE4FE4B42AEC22D800A381FD /* TimeZoneIdentifier.swift */; };
		BE4FE4B82AEC242F00A381FD /* StandardDataParser.swift in Sources */ = {isa = PBXBuildFile; fileRef = BE4FE4B72AEC242F00A381FD /* StandardDataParser.swift */; };
		BE4FE4BC2AEC399E00A381FD /* CLPlacemark+Extensions.swift in Sources */ = {isa = PBXBuildFile; fileRef = BE4FE4BB2AEC399E00A381FD /* CLPlacemark+Extensions.swift */; };
		BE4FE4BF2AEC4A4300A381FD /* CountryCodes.swift in Sources */ = {isa = PBXBuildFile; fileRef = BE4FE4BE2AEC4A4300A381FD /* CountryCodes.swift */; };
		BE4FE4C12AEC4DE900A381FD /* APINinjasTimeZoneService.swift in Sources */ = {isa = PBXBuildFile; fileRef = BE4FE4C02AEC4DE900A381FD /* APINinjasTimeZoneService.swift */; };
		BE4FE4C42AECE5D200A381FD /* DependencyFactory.swift in Sources */ = {isa = PBXBuildFile; fileRef = BE4FE4C32AECE5D200A381FD /* DependencyFactory.swift */; };
		BE4FE4C62AEEC40700A381FD /* LocationCell.swift in Sources */ = {isa = PBXBuildFile; fileRef = BE4FE4C52AEEC40700A381FD /* LocationCell.swift */; };
		BE4FE4CA2AEF947200A381FD /* APINinjasWeather.swift in Sources */ = {isa = PBXBuildFile; fileRef = BE4FE4C92AEF947200A381FD /* APINinjasWeather.swift */; };
		BE4FE4CE2AF132F400A381FD /* WeatherRepository.swift in Sources */ = {isa = PBXBuildFile; fileRef = BE4FE4CD2AF132F400A381FD /* WeatherRepository.swift */; };
		BE4FE4D02AF1337100A381FD /* MainWeatherRepository.swift in Sources */ = {isa = PBXBuildFile; fileRef = BE4FE4CF2AF1337100A381FD /* MainWeatherRepository.swift */; };
		BE4FE4D22AF1339700A381FD /* WeatherService.swift in Sources */ = {isa = PBXBuildFile; fileRef = BE4FE4D12AF1339700A381FD /* WeatherService.swift */; };
		BE4FE4D62AF1346000A381FD /* APINinjasWeatherService.swift in Sources */ = {isa = PBXBuildFile; fileRef = BE4FE4D52AF1346000A381FD /* APINinjasWeatherService.swift */; };
		BE4FE4D82AF135DB00A381FD /* APINinjasWeatherRequest.swift in Sources */ = {isa = PBXBuildFile; fileRef = BE4FE4D72AF135DB00A381FD /* APINinjasWeatherRequest.swift */; };
		BE5561E82B17CAF900AB97FE /* CloudKeyValueDatastoreUpdateHandler.swift in Sources */ = {isa = PBXBuildFile; fileRef = BE5561E72B17CAF900AB97FE /* CloudKeyValueDatastoreUpdateHandler.swift */; };
		BE62AF2F2AFA26D600BEEBFA /* LocationDetailView.swift in Sources */ = {isa = PBXBuildFile; fileRef = BE62AF2E2AFA26D600BEEBFA /* LocationDetailView.swift */; };
		BE62AF322AFA2A0000BEEBFA /* UniversalConstants.swift in Sources */ = {isa = PBXBuildFile; fileRef = BE62AF312AFA2A0000BEEBFA /* UniversalConstants.swift */; };
		BE71B80F2ACE9F2B003AA99C /* MiniWeatherApp.swift in Sources */ = {isa = PBXBuildFile; fileRef = BE71B80E2ACE9F2B003AA99C /* MiniWeatherApp.swift */; };
		BE71B8112ACE9F2B003AA99C /* LocationsView.swift in Sources */ = {isa = PBXBuildFile; fileRef = BE71B8102ACE9F2B003AA99C /* LocationsView.swift */; };
		BE71B8132ACE9F2B003AA99C /* Location.swift in Sources */ = {isa = PBXBuildFile; fileRef = BE71B8122ACE9F2B003AA99C /* Location.swift */; };
		BE71B8152ACE9F2C003AA99C /* Assets.xcassets in Resources */ = {isa = PBXBuildFile; fileRef = BE71B8142ACE9F2C003AA99C /* Assets.xcassets */; };
		BE71B8182ACE9F2C003AA99C /* Preview Assets.xcassets in Resources */ = {isa = PBXBuildFile; fileRef = BE71B8172ACE9F2C003AA99C /* Preview Assets.xcassets */; };
		BE75A35A2B1630210041ED46 /* SavedLocationsProvider.swift in Sources */ = {isa = PBXBuildFile; fileRef = BE75A3592B1630210041ED46 /* SavedLocationsProvider.swift */; };
		BE75A35C2B1632040041ED46 /* MainSavedLocationsProvider.swift in Sources */ = {isa = PBXBuildFile; fileRef = BE75A35B2B1632040041ED46 /* MainSavedLocationsProvider.swift */; };
		BE75A3602B163ABC0041ED46 /* SavedLocationsRepository.swift in Sources */ = {isa = PBXBuildFile; fileRef = BE75A35F2B163ABC0041ED46 /* SavedLocationsRepository.swift */; };
		BE75A3622B163B5E0041ED46 /* MainSavedLocationsRepository.swift in Sources */ = {isa = PBXBuildFile; fileRef = BE75A3612B163B5E0041ED46 /* MainSavedLocationsRepository.swift */; };
		BE7DA77B2AE69EDE0016047C /* APINinjasGeocoderService.swift in Sources */ = {isa = PBXBuildFile; fileRef = BE7DA77A2AE69EDE0016047C /* APINinjasGeocoderService.swift */; };
		BE7DA77D2AE6B42A0016047C /* StandardNetworkService.swift in Sources */ = {isa = PBXBuildFile; fileRef = BE7DA77C2AE6B42A0016047C /* StandardNetworkService.swift */; };
		BE7DA7852AE99D800016047C /* DataParser.swift in Sources */ = {isa = PBXBuildFile; fileRef = BE7DA7842AE99D800016047C /* DataParser.swift */; };
		BE7DA7872AEA6E550016047C /* Request.swift in Sources */ = {isa = PBXBuildFile; fileRef = BE7DA7862AEA6E540016047C /* Request.swift */; };
		BE928F172B177D5C0083CC96 /* KeyValueStore.swift in Sources */ = {isa = PBXBuildFile; fileRef = BE928F162B177D5C0083CC96 /* KeyValueStore.swift */; };
		BE928F1B2B1799610083CC96 /* CloudKeyValueDatastore.swift in Sources */ = {isa = PBXBuildFile; fileRef = BE928F1A2B1799610083CC96 /* CloudKeyValueDatastore.swift */; };
		BE9F20F82AD0624A00CDC9F4 /* MainLocationsSearchRepository.swift in Sources */ = {isa = PBXBuildFile; fileRef = BE9F20F72AD0624A00CDC9F4 /* MainLocationsSearchRepository.swift */; };
		BED0F59A2B0B9AEE00156E23 /* MainLocationManagerDelegate.swift in Sources */ = {isa = PBXBuildFile; fileRef = BED0F5992B0B9AEE00156E23 /* MainLocationManagerDelegate.swift */; };
		BED0F59D2B0DF73200156E23 /* Sequence+Async.swift in Sources */ = {isa = PBXBuildFile; fileRef = BED0F59C2B0DF73200156E23 /* Sequence+Async.swift */; };
		BED0F59F2B10D1CC00156E23 /* OpenWeatherMapGeocoderService.swift in Sources */ = {isa = PBXBuildFile; fileRef = BED0F59E2B10D1CC00156E23 /* OpenWeatherMapGeocoderService.swift */; };
		BED0F5A12B10D47200156E23 /* OpenWeatherMapGeocodingRequest.swift in Sources */ = {isa = PBXBuildFile; fileRef = BED0F5A02B10D47200156E23 /* OpenWeatherMapGeocodingRequest.swift */; };
		BED0F5A32B10D84E00156E23 /* OpenWeatherMapReverseGeocodingRequest.swift in Sources */ = {isa = PBXBuildFile; fileRef = BED0F5A22B10D84E00156E23 /* OpenWeatherMapReverseGeocodingRequest.swift */; };
		BED0F5A72B10EA1200156E23 /* WeatherProtocol.swift in Sources */ = {isa = PBXBuildFile; fileRef = BED0F5A62B10EA1200156E23 /* WeatherProtocol.swift */; };
		BED0F5A92B11043900156E23 /* OpenWeatherMapLocation.swift in Sources */ = {isa = PBXBuildFile; fileRef = BED0F5A82B11043900156E23 /* OpenWeatherMapLocation.swift */; };
		BED0F5AC2B11EDBE00156E23 /* Datastore.swift in Sources */ = {isa = PBXBuildFile; fileRef = BED0F5AB2B11EDBE00156E23 /* Datastore.swift */; };
		BED0F5AE2B12123D00156E23 /* UserDefaultsDatastore.swift in Sources */ = {isa = PBXBuildFile; fileRef = BED0F5AD2B12123D00156E23 /* UserDefaultsDatastore.swift */; };
		BED750B92B16104300E2CF9E /* CurrentLocationRepository.swift in Sources */ = {isa = PBXBuildFile; fileRef = BED750B82B16104300E2CF9E /* CurrentLocationRepository.swift */; };
		BED750BB2B16116A00E2CF9E /* MainCurrentLocationRepository.swift in Sources */ = {isa = PBXBuildFile; fileRef = BED750BA2B16116A00E2CF9E /* MainCurrentLocationRepository.swift */; };
		BED750BD2B161FEF00E2CF9E /* CurrentLocationProvider.swift in Sources */ = {isa = PBXBuildFile; fileRef = BED750BC2B161FEF00E2CF9E /* CurrentLocationProvider.swift */; };
		BED750C12B16218800E2CF9E /* MainCurrentLocationProvider.swift in Sources */ = {isa = PBXBuildFile; fileRef = BED750C02B16218800E2CF9E /* MainCurrentLocationProvider.swift */; };
		BEFE25532B04A86000AB5DED /* CLAuthorizationStatus+Extensions.swift in Sources */ = {isa = PBXBuildFile; fileRef = BEFE25522B04A86000AB5DED /* CLAuthorizationStatus+Extensions.swift */; };
		BEFE25562B04EDCF00AB5DED /* UserLocationCoordinatesRepository.swift in Sources */ = {isa = PBXBuildFile; fileRef = BEFE25552B04EDCF00AB5DED /* UserLocationCoordinatesRepository.swift */; };
		BEFE25582B0600EF00AB5DED /* MainUserLocationCoordinatesRepository.swift in Sources */ = {isa = PBXBuildFile; fileRef = BEFE25572B0600EF00AB5DED /* MainUserLocationCoordinatesRepository.swift */; };
		BEFE255A2B060D5500AB5DED /* UserLocationAuthorisationRepository.swift in Sources */ = {isa = PBXBuildFile; fileRef = BEFE25592B060D5500AB5DED /* UserLocationAuthorisationRepository.swift */; };
		BEFE255C2B060EDD00AB5DED /* MainUserLocationAuthorisationRepository.swift in Sources */ = {isa = PBXBuildFile; fileRef = BEFE255B2B060EDD00AB5DED /* MainUserLocationAuthorisationRepository.swift */; };
		BEFE255E2B061D1300AB5DED /* APINinjasReverseGeocodingRequest.swift in Sources */ = {isa = PBXBuildFile; fileRef = BEFE255D2B061D1300AB5DED /* APINinjasReverseGeocodingRequest.swift */; };
		BEFE25612B06267A00AB5DED /* Broadcaster.swift in Sources */ = {isa = PBXBuildFile; fileRef = BEFE25602B06267A00AB5DED /* Broadcaster.swift */; };
		BEFE25632B06273D00AB5DED /* UserLocationProvider.swift in Sources */ = {isa = PBXBuildFile; fileRef = BEFE25622B06273D00AB5DED /* UserLocationProvider.swift */; };
		BEFE25652B06279100AB5DED /* UserLocationAuthorisationProvider.swift in Sources */ = {isa = PBXBuildFile; fileRef = BEFE25642B06279100AB5DED /* UserLocationAuthorisationProvider.swift */; };
		BEFE25672B06918200AB5DED /* LocationAuthorisationCell.swift in Sources */ = {isa = PBXBuildFile; fileRef = BEFE25662B06918200AB5DED /* LocationAuthorisationCell.swift */; };
/* End PBXBuildFile section */

/* Begin PBXFileReference section */
		BE2D18BA2B134F0A0012D1F0 /* OpenWeatherMapTimeZoneService.swift */ = {isa = PBXFileReference; lastKnownFileType = sourcecode.swift; path = OpenWeatherMapTimeZoneService.swift; sourceTree = "<group>"; };
		BE2D18BC2B1502CE0012D1F0 /* OpenWeatherMapWeather.swift */ = {isa = PBXFileReference; lastKnownFileType = sourcecode.swift; path = OpenWeatherMapWeather.swift; sourceTree = "<group>"; };
		BE2D18BE2B1503850012D1F0 /* OpenWeatherMapCodables.swift */ = {isa = PBXFileReference; lastKnownFileType = sourcecode.swift; path = OpenWeatherMapCodables.swift; sourceTree = "<group>"; };
		BE2D18C02B150CF40012D1F0 /* OpenWeatherMapWeatherRequest.swift */ = {isa = PBXFileReference; lastKnownFileType = sourcecode.swift; path = OpenWeatherMapWeatherRequest.swift; sourceTree = "<group>"; };
		BE2D18C22B150DAC0012D1F0 /* OpenWeatherMapWeatherService.swift */ = {isa = PBXFileReference; lastKnownFileType = sourcecode.swift; path = OpenWeatherMapWeatherService.swift; sourceTree = "<group>"; };
		BE44D6B22B128EE700897390 /* MemoryDatastore.swift */ = {isa = PBXFileReference; lastKnownFileType = sourcecode.swift; path = MemoryDatastore.swift; sourceTree = "<group>"; };
		BE4675172AFE8EEE00E9FAA3 /* View+Extensions.swift */ = {isa = PBXFileReference; lastKnownFileType = sourcecode.swift; path = "View+Extensions.swift"; sourceTree = "<group>"; };
		BE4675192AFFB38400E9FAA3 /* LocationManagerDelegate.swift */ = {isa = PBXFileReference; lastKnownFileType = sourcecode.swift; path = LocationManagerDelegate.swift; sourceTree = "<group>"; };
		BE4B45BB2B06C56D007DBF66 /* ShapeStyle+Extensions.swift */ = {isa = PBXFileReference; lastKnownFileType = sourcecode.swift; path = "ShapeStyle+Extensions.swift"; sourceTree = "<group>"; };
		BE4E41B32AFA45A2008B07D5 /* Listener.swift */ = {isa = PBXFileReference; lastKnownFileType = sourcecode.swift; path = Listener.swift; sourceTree = "<group>"; };
		BE4E41B82AFBE61C008B07D5 /* ViewModel.swift */ = {isa = PBXFileReference; lastKnownFileType = sourcecode.swift; path = ViewModel.swift; sourceTree = "<group>"; };
		BE4FE4922AEC08D100A381FD /* APINinjasGeocodingRequest.swift */ = {isa = PBXFileReference; lastKnownFileType = sourcecode.swift; path = APINinjasGeocodingRequest.swift; sourceTree = "<group>"; };
		BE4FE4942AEC08FB00A381FD /* APINinjasTimeZoneRequest.swift */ = {isa = PBXFileReference; lastKnownFileType = sourcecode.swift; path = APINinjasTimeZoneRequest.swift; sourceTree = "<group>"; };
		BE4FE4962AEC098300A381FD /* APINinjasLocation.swift */ = {isa = PBXFileReference; lastKnownFileType = sourcecode.swift; path = APINinjasLocation.swift; sourceTree = "<group>"; };
		BE4FE4992AEC0FEA00A381FD /* TimeZoneService.swift */ = {isa = PBXFileReference; lastKnownFileType = sourcecode.swift; path = TimeZoneService.swift; sourceTree = "<group>"; };
		BE4FE49C2AEC187000A381FD /* TimeZoneRepository.swift */ = {isa = PBXFileReference; lastKnownFileType = sourcecode.swift; path = TimeZoneRepository.swift; sourceTree = "<group>"; };
		BE4FE49E2AEC1A0C00A381FD /* GeocoderService.swift */ = {isa = PBXFileReference; fileEncoding = 4; lastKnownFileType = sourcecode.swift; path = GeocoderService.swift; sourceTree = "<group>"; };
		BE4FE4A22AEC1D2500A381FD /* LocationsSearchRepository.swift */ = {isa = PBXFileReference; fileEncoding = 4; lastKnownFileType = sourcecode.swift; path = LocationsSearchRepository.swift; sourceTree = "<group>"; };
		BE4FE4A52AEC1E2500A381FD /* NetworkService.swift */ = {isa = PBXFileReference; lastKnownFileType = sourcecode.swift; path = NetworkService.swift; sourceTree = "<group>"; };
		BE4FE4A72AEC1EC900A381FD /* HTTPMethod.swift */ = {isa = PBXFileReference; lastKnownFileType = sourcecode.swift; path = HTTPMethod.swift; sourceTree = "<group>"; };
		BE4FE4A92AEC1F1000A381FD /* NetworkError.swift */ = {isa = PBXFileReference; lastKnownFileType = sourcecode.swift; path = NetworkError.swift; sourceTree = "<group>"; };
		BE4FE4AC2AEC21F700A381FD /* AppleGeocoderService.swift */ = {isa = PBXFileReference; fileEncoding = 4; lastKnownFileType = sourcecode.swift; path = AppleGeocoderService.swift; sourceTree = "<group>"; };
		BE4FE4B02AEC228200A381FD /* MainTimeZoneRepository.swift */ = {isa = PBXFileReference; lastKnownFileType = sourcecode.swift; path = MainTimeZoneRepository.swift; sourceTree = "<group>"; };
		BE4FE4B42AEC22D800A381FD /* TimeZoneIdentifier.swift */ = {isa = PBXFileReference; lastKnownFileType = sourcecode.swift; path = TimeZoneIdentifier.swift; sourceTree = "<group>"; };
		BE4FE4B72AEC242F00A381FD /* StandardDataParser.swift */ = {isa = PBXFileReference; lastKnownFileType = sourcecode.swift; path = StandardDataParser.swift; sourceTree = "<group>"; };
		BE4FE4BB2AEC399E00A381FD /* CLPlacemark+Extensions.swift */ = {isa = PBXFileReference; lastKnownFileType = sourcecode.swift; path = "CLPlacemark+Extensions.swift"; sourceTree = "<group>"; };
		BE4FE4BE2AEC4A4300A381FD /* CountryCodes.swift */ = {isa = PBXFileReference; fileEncoding = 4; lastKnownFileType = sourcecode.swift; path = CountryCodes.swift; sourceTree = "<group>"; };
		BE4FE4C02AEC4DE900A381FD /* APINinjasTimeZoneService.swift */ = {isa = PBXFileReference; lastKnownFileType = sourcecode.swift; path = APINinjasTimeZoneService.swift; sourceTree = "<group>"; };
		BE4FE4C32AECE5D200A381FD /* DependencyFactory.swift */ = {isa = PBXFileReference; lastKnownFileType = sourcecode.swift; path = DependencyFactory.swift; sourceTree = "<group>"; };
		BE4FE4C52AEEC40700A381FD /* LocationCell.swift */ = {isa = PBXFileReference; lastKnownFileType = sourcecode.swift; path = LocationCell.swift; sourceTree = "<group>"; };
		BE4FE4C92AEF947200A381FD /* APINinjasWeather.swift */ = {isa = PBXFileReference; lastKnownFileType = sourcecode.swift; path = APINinjasWeather.swift; sourceTree = "<group>"; };
		BE4FE4CD2AF132F400A381FD /* WeatherRepository.swift */ = {isa = PBXFileReference; lastKnownFileType = sourcecode.swift; path = WeatherRepository.swift; sourceTree = "<group>"; };
		BE4FE4CF2AF1337100A381FD /* MainWeatherRepository.swift */ = {isa = PBXFileReference; lastKnownFileType = sourcecode.swift; path = MainWeatherRepository.swift; sourceTree = "<group>"; };
		BE4FE4D12AF1339700A381FD /* WeatherService.swift */ = {isa = PBXFileReference; lastKnownFileType = sourcecode.swift; path = WeatherService.swift; sourceTree = "<group>"; };
		BE4FE4D52AF1346000A381FD /* APINinjasWeatherService.swift */ = {isa = PBXFileReference; lastKnownFileType = sourcecode.swift; path = APINinjasWeatherService.swift; sourceTree = "<group>"; };
		BE4FE4D72AF135DB00A381FD /* APINinjasWeatherRequest.swift */ = {isa = PBXFileReference; lastKnownFileType = sourcecode.swift; path = APINinjasWeatherRequest.swift; sourceTree = "<group>"; };
		BE5561E72B17CAF900AB97FE /* CloudKeyValueDatastoreUpdateHandler.swift */ = {isa = PBXFileReference; fileEncoding = 4; lastKnownFileType = sourcecode.swift; path = CloudKeyValueDatastoreUpdateHandler.swift; sourceTree = "<group>"; };
		BE62AF2E2AFA26D600BEEBFA /* LocationDetailView.swift */ = {isa = PBXFileReference; lastKnownFileType = sourcecode.swift; path = LocationDetailView.swift; sourceTree = "<group>"; };
		BE62AF312AFA2A0000BEEBFA /* UniversalConstants.swift */ = {isa = PBXFileReference; lastKnownFileType = sourcecode.swift; path = UniversalConstants.swift; sourceTree = "<group>"; };
		BE71B80B2ACE9F2B003AA99C /* MiniWeather.app */ = {isa = PBXFileReference; explicitFileType = wrapper.application; includeInIndex = 0; path = MiniWeather.app; sourceTree = BUILT_PRODUCTS_DIR; };
		BE71B80E2ACE9F2B003AA99C /* MiniWeatherApp.swift */ = {isa = PBXFileReference; lastKnownFileType = sourcecode.swift; path = MiniWeatherApp.swift; sourceTree = "<group>"; };
		BE71B8102ACE9F2B003AA99C /* LocationsView.swift */ = {isa = PBXFileReference; lastKnownFileType = sourcecode.swift; path = LocationsView.swift; sourceTree = "<group>"; };
		BE71B8122ACE9F2B003AA99C /* Location.swift */ = {isa = PBXFileReference; lastKnownFileType = sourcecode.swift; path = Location.swift; sourceTree = "<group>"; };
		BE71B8142ACE9F2C003AA99C /* Assets.xcassets */ = {isa = PBXFileReference; lastKnownFileType = folder.assetcatalog; path = Assets.xcassets; sourceTree = "<group>"; };
		BE71B8172ACE9F2C003AA99C /* Preview Assets.xcassets */ = {isa = PBXFileReference; lastKnownFileType = folder.assetcatalog; path = "Preview Assets.xcassets"; sourceTree = "<group>"; };
		BE71B8192ACE9F2C003AA99C /* MiniWeather.entitlements */ = {isa = PBXFileReference; lastKnownFileType = text.plist.entitlements; path = MiniWeather.entitlements; sourceTree = "<group>"; };
		BE71B81A2ACE9F2C003AA99C /* Info.plist */ = {isa = PBXFileReference; lastKnownFileType = text.plist.xml; path = Info.plist; sourceTree = "<group>"; };
		BE75A3592B1630210041ED46 /* SavedLocationsProvider.swift */ = {isa = PBXFileReference; lastKnownFileType = sourcecode.swift; path = SavedLocationsProvider.swift; sourceTree = "<group>"; };
		BE75A35B2B1632040041ED46 /* MainSavedLocationsProvider.swift */ = {isa = PBXFileReference; lastKnownFileType = sourcecode.swift; path = MainSavedLocationsProvider.swift; sourceTree = "<group>"; };
		BE75A35F2B163ABC0041ED46 /* SavedLocationsRepository.swift */ = {isa = PBXFileReference; lastKnownFileType = sourcecode.swift; path = SavedLocationsRepository.swift; sourceTree = "<group>"; };
		BE75A3612B163B5E0041ED46 /* MainSavedLocationsRepository.swift */ = {isa = PBXFileReference; lastKnownFileType = sourcecode.swift; path = MainSavedLocationsRepository.swift; sourceTree = "<group>"; };
		BE7DA77A2AE69EDE0016047C /* APINinjasGeocoderService.swift */ = {isa = PBXFileReference; lastKnownFileType = sourcecode.swift; path = APINinjasGeocoderService.swift; sourceTree = "<group>"; };
		BE7DA77C2AE6B42A0016047C /* StandardNetworkService.swift */ = {isa = PBXFileReference; lastKnownFileType = sourcecode.swift; path = StandardNetworkService.swift; sourceTree = "<group>"; };
		BE7DA7842AE99D800016047C /* DataParser.swift */ = {isa = PBXFileReference; lastKnownFileType = sourcecode.swift; path = DataParser.swift; sourceTree = "<group>"; };
		BE7DA7862AEA6E540016047C /* Request.swift */ = {isa = PBXFileReference; fileEncoding = 4; lastKnownFileType = sourcecode.swift; path = Request.swift; sourceTree = "<group>"; };
		BE928F162B177D5C0083CC96 /* KeyValueStore.swift */ = {isa = PBXFileReference; lastKnownFileType = sourcecode.swift; path = KeyValueStore.swift; sourceTree = "<group>"; };
		BE928F1A2B1799610083CC96 /* CloudKeyValueDatastore.swift */ = {isa = PBXFileReference; fileEncoding = 4; lastKnownFileType = sourcecode.swift; path = CloudKeyValueDatastore.swift; sourceTree = "<group>"; };
		BE9F20F72AD0624A00CDC9F4 /* MainLocationsSearchRepository.swift */ = {isa = PBXFileReference; lastKnownFileType = sourcecode.swift; path = MainLocationsSearchRepository.swift; sourceTree = "<group>"; };
		BED0F5992B0B9AEE00156E23 /* MainLocationManagerDelegate.swift */ = {isa = PBXFileReference; lastKnownFileType = sourcecode.swift; path = MainLocationManagerDelegate.swift; sourceTree = "<group>"; };
		BED0F59C2B0DF73200156E23 /* Sequence+Async.swift */ = {isa = PBXFileReference; lastKnownFileType = sourcecode.swift; path = "Sequence+Async.swift"; sourceTree = "<group>"; };
		BED0F59E2B10D1CC00156E23 /* OpenWeatherMapGeocoderService.swift */ = {isa = PBXFileReference; lastKnownFileType = sourcecode.swift; path = OpenWeatherMapGeocoderService.swift; sourceTree = "<group>"; };
		BED0F5A02B10D47200156E23 /* OpenWeatherMapGeocodingRequest.swift */ = {isa = PBXFileReference; lastKnownFileType = sourcecode.swift; path = OpenWeatherMapGeocodingRequest.swift; sourceTree = "<group>"; };
		BED0F5A22B10D84E00156E23 /* OpenWeatherMapReverseGeocodingRequest.swift */ = {isa = PBXFileReference; lastKnownFileType = sourcecode.swift; path = OpenWeatherMapReverseGeocodingRequest.swift; sourceTree = "<group>"; };
		BED0F5A62B10EA1200156E23 /* WeatherProtocol.swift */ = {isa = PBXFileReference; lastKnownFileType = sourcecode.swift; path = WeatherProtocol.swift; sourceTree = "<group>"; };
		BED0F5A82B11043900156E23 /* OpenWeatherMapLocation.swift */ = {isa = PBXFileReference; lastKnownFileType = sourcecode.swift; path = OpenWeatherMapLocation.swift; sourceTree = "<group>"; };
		BED0F5AB2B11EDBE00156E23 /* Datastore.swift */ = {isa = PBXFileReference; lastKnownFileType = sourcecode.swift; path = Datastore.swift; sourceTree = "<group>"; };
		BED0F5AD2B12123D00156E23 /* UserDefaultsDatastore.swift */ = {isa = PBXFileReference; lastKnownFileType = sourcecode.swift; path = UserDefaultsDatastore.swift; sourceTree = "<group>"; };
		BED750B82B16104300E2CF9E /* CurrentLocationRepository.swift */ = {isa = PBXFileReference; lastKnownFileType = sourcecode.swift; path = CurrentLocationRepository.swift; sourceTree = "<group>"; };
		BED750BA2B16116A00E2CF9E /* MainCurrentLocationRepository.swift */ = {isa = PBXFileReference; lastKnownFileType = sourcecode.swift; path = MainCurrentLocationRepository.swift; sourceTree = "<group>"; };
		BED750BC2B161FEF00E2CF9E /* CurrentLocationProvider.swift */ = {isa = PBXFileReference; lastKnownFileType = sourcecode.swift; path = CurrentLocationProvider.swift; sourceTree = "<group>"; };
		BED750C02B16218800E2CF9E /* MainCurrentLocationProvider.swift */ = {isa = PBXFileReference; lastKnownFileType = sourcecode.swift; path = MainCurrentLocationProvider.swift; sourceTree = "<group>"; };
		BEFE25522B04A86000AB5DED /* CLAuthorizationStatus+Extensions.swift */ = {isa = PBXFileReference; lastKnownFileType = sourcecode.swift; path = "CLAuthorizationStatus+Extensions.swift"; sourceTree = "<group>"; };
		BEFE25552B04EDCF00AB5DED /* UserLocationCoordinatesRepository.swift */ = {isa = PBXFileReference; lastKnownFileType = sourcecode.swift; path = UserLocationCoordinatesRepository.swift; sourceTree = "<group>"; };
		BEFE25572B0600EF00AB5DED /* MainUserLocationCoordinatesRepository.swift */ = {isa = PBXFileReference; lastKnownFileType = sourcecode.swift; path = MainUserLocationCoordinatesRepository.swift; sourceTree = "<group>"; };
		BEFE25592B060D5500AB5DED /* UserLocationAuthorisationRepository.swift */ = {isa = PBXFileReference; lastKnownFileType = sourcecode.swift; path = UserLocationAuthorisationRepository.swift; sourceTree = "<group>"; };
		BEFE255B2B060EDD00AB5DED /* MainUserLocationAuthorisationRepository.swift */ = {isa = PBXFileReference; lastKnownFileType = sourcecode.swift; path = MainUserLocationAuthorisationRepository.swift; sourceTree = "<group>"; };
		BEFE255D2B061D1300AB5DED /* APINinjasReverseGeocodingRequest.swift */ = {isa = PBXFileReference; lastKnownFileType = sourcecode.swift; path = APINinjasReverseGeocodingRequest.swift; sourceTree = "<group>"; };
		BEFE25602B06267A00AB5DED /* Broadcaster.swift */ = {isa = PBXFileReference; lastKnownFileType = sourcecode.swift; path = Broadcaster.swift; sourceTree = "<group>"; };
		BEFE25622B06273D00AB5DED /* UserLocationProvider.swift */ = {isa = PBXFileReference; lastKnownFileType = sourcecode.swift; path = UserLocationProvider.swift; sourceTree = "<group>"; };
		BEFE25642B06279100AB5DED /* UserLocationAuthorisationProvider.swift */ = {isa = PBXFileReference; lastKnownFileType = sourcecode.swift; path = UserLocationAuthorisationProvider.swift; sourceTree = "<group>"; };
		BEFE25662B06918200AB5DED /* LocationAuthorisationCell.swift */ = {isa = PBXFileReference; lastKnownFileType = sourcecode.swift; path = LocationAuthorisationCell.swift; sourceTree = "<group>"; };
/* End PBXFileReference section */

/* Begin PBXFrameworksBuildPhase section */
		BE71B8082ACE9F2B003AA99C /* Frameworks */ = {
			isa = PBXFrameworksBuildPhase;
			buildActionMask = 2147483647;
			files = (
			);
			runOnlyForDeploymentPostprocessing = 0;
		};
/* End PBXFrameworksBuildPhase section */

/* Begin PBXGroup section */
		BE4E41AE2AFA3F7A008B07D5 /* User Location Authorisation */ = {
			isa = PBXGroup;
			children = (
				BED750B62B160D1700E2CF9E /* Repository */,
				BED750B72B160D2000E2CF9E /* Provider */,
			);
			path = "User Location Authorisation";
			sourceTree = "<group>";
		};
		BE4E41B72AFBE5DE008B07D5 /* Models */ = {
			isa = PBXGroup;
			children = (
				BE71B8122ACE9F2B003AA99C /* Location.swift */,
				BE4E41B82AFBE61C008B07D5 /* ViewModel.swift */,
			);
			path = Models;
			sourceTree = "<group>";
		};
		BE4FE4982AEC0C3C00A381FD /* Requests */ = {
			isa = PBXGroup;
			children = (
				BE4FE4942AEC08FB00A381FD /* APINinjasTimeZoneRequest.swift */,
			);
			path = Requests;
			sourceTree = "<group>";
		};
		BE4FE49B2AEC12EB00A381FD /* UI */ = {
			isa = PBXGroup;
			children = (
				BE62AF2D2AFA26BE00BEEBFA /* Location Detail */,
				BEF4E7E02ACF41A10043BE93 /* Locations */,
			);
			path = UI;
			sourceTree = "<group>";
		};
		BE4FE4A02AEC1AA800A381FD /* Geocoding */ = {
			isa = PBXGroup;
			children = (
				BE4FE4D32AF1341300A381FD /* Requests */,
				BE4FE4AE2AEC220F00A381FD /* Models */,
				BE4FE4AF2AEC221F00A381FD /* Repository */,
				BE4FE4AB2AEC21CF00A381FD /* Service */,
			);
			path = Geocoding;
			sourceTree = "<group>";
		};
		BE4FE4A12AEC1AB500A381FD /* TimeZone */ = {
			isa = PBXGroup;
			children = (
				BE4FE4982AEC0C3C00A381FD /* Requests */,
				BE4FE4B62AEC22F300A381FD /* Models */,
				BE4FE4B32AEC22B900A381FD /* Repository */,
				BE4FE4B22AEC22AB00A381FD /* Service */,
			);
			path = TimeZone;
			sourceTree = "<group>";
		};
		BE4FE4A42AEC1E1200A381FD /* Network */ = {
			isa = PBXGroup;
			children = (
				BE7DA7862AEA6E540016047C /* Request.swift */,
				BE4FE4A72AEC1EC900A381FD /* HTTPMethod.swift */,
				BE4FE4A92AEC1F1000A381FD /* NetworkError.swift */,
				BE4FE4A52AEC1E2500A381FD /* NetworkService.swift */,
				BE7DA77C2AE6B42A0016047C /* StandardNetworkService.swift */,
			);
			path = Network;
			sourceTree = "<group>";
		};
		BE4FE4AB2AEC21CF00A381FD /* Service */ = {
			isa = PBXGroup;
			children = (
				BE4FE49E2AEC1A0C00A381FD /* GeocoderService.swift */,
				BE4FE4AC2AEC21F700A381FD /* AppleGeocoderService.swift */,
				BE7DA77A2AE69EDE0016047C /* APINinjasGeocoderService.swift */,
				BED0F59E2B10D1CC00156E23 /* OpenWeatherMapGeocoderService.swift */,
			);
			path = Service;
			sourceTree = "<group>";
		};
		BE4FE4AE2AEC220F00A381FD /* Models */ = {
			isa = PBXGroup;
			children = (
				BE4FE4962AEC098300A381FD /* APINinjasLocation.swift */,
				BED0F5A82B11043900156E23 /* OpenWeatherMapLocation.swift */,
			);
			path = Models;
			sourceTree = "<group>";
		};
		BE4FE4AF2AEC221F00A381FD /* Repository */ = {
			isa = PBXGroup;
			children = (
				BE4FE4A22AEC1D2500A381FD /* LocationsSearchRepository.swift */,
				BE9F20F72AD0624A00CDC9F4 /* MainLocationsSearchRepository.swift */,
			);
			path = Repository;
			sourceTree = "<group>";
		};
		BE4FE4B22AEC22AB00A381FD /* Service */ = {
			isa = PBXGroup;
			children = (
				BE4FE4992AEC0FEA00A381FD /* TimeZoneService.swift */,
				BE4FE4C02AEC4DE900A381FD /* APINinjasTimeZoneService.swift */,
				BE2D18BA2B134F0A0012D1F0 /* OpenWeatherMapTimeZoneService.swift */,
			);
			path = Service;
			sourceTree = "<group>";
		};
		BE4FE4B32AEC22B900A381FD /* Repository */ = {
			isa = PBXGroup;
			children = (
				BE4FE49C2AEC187000A381FD /* TimeZoneRepository.swift */,
				BE4FE4B02AEC228200A381FD /* MainTimeZoneRepository.swift */,
			);
			path = Repository;
			sourceTree = "<group>";
		};
		BE4FE4B62AEC22F300A381FD /* Models */ = {
			isa = PBXGroup;
			children = (
				BE4FE4B42AEC22D800A381FD /* TimeZoneIdentifier.swift */,
			);
			path = Models;
			sourceTree = "<group>";
		};
		BE4FE4B92AEC249200A381FD /* Parser */ = {
			isa = PBXGroup;
			children = (
				BE7DA7842AE99D800016047C /* DataParser.swift */,
				BE4FE4B72AEC242F00A381FD /* StandardDataParser.swift */,
			);
			path = Parser;
			sourceTree = "<group>";
		};
		BE4FE4BA2AEC397000A381FD /* Extensions */ = {
			isa = PBXGroup;
			children = (
				BE4FE4BB2AEC399E00A381FD /* CLPlacemark+Extensions.swift */,
				BE4675172AFE8EEE00E9FAA3 /* View+Extensions.swift */,
				BEFE25522B04A86000AB5DED /* CLAuthorizationStatus+Extensions.swift */,
				BE4B45BB2B06C56D007DBF66 /* ShapeStyle+Extensions.swift */,
				BED0F59C2B0DF73200156E23 /* Sequence+Async.swift */,
			);
			path = Extensions;
			sourceTree = "<group>";
		};
		BE4FE4BD2AEC4A3B00A381FD /* Other */ = {
			isa = PBXGroup;
			children = (
				BE4FE4BE2AEC4A4300A381FD /* CountryCodes.swift */,
				BE62AF312AFA2A0000BEEBFA /* UniversalConstants.swift */,
			);
			path = Other;
			sourceTree = "<group>";
		};
		BE4FE4C22AECE28F00A381FD /* App Dependencies */ = {
			isa = PBXGroup;
			children = (
				BE4FE4C32AECE5D200A381FD /* DependencyFactory.swift */,
				BED750C52B162C5900E2CF9E /* Saved Locations */,
				BED750B32B160BDD00E2CF9E /* Current Location */,
				BED0F59B2B0BA10C00156E23 /* LocationManagerDelegate */,
				BEFE25542B04BCA800AB5DED /* User Location Coordinates */,
				BE4E41AE2AFA3F7A008B07D5 /* User Location Authorisation */,
				BE4FE4C72AEECD5400A381FD /* Weather */,
				BE4FE4A12AEC1AB500A381FD /* TimeZone */,
				BE4FE4A02AEC1AA800A381FD /* Geocoding */,
				BE4FE4A42AEC1E1200A381FD /* Network */,
				BE4FE4B92AEC249200A381FD /* Parser */,
				BED0F5AA2B11ED2800156E23 /* Datastore */,
				BEFE255F2B0625AB00AB5DED /* Listener & Broadcaster */,
			);
			path = "App Dependencies";
			sourceTree = "<group>";
		};
		BE4FE4C72AEECD5400A381FD /* Weather */ = {
			isa = PBXGroup;
			children = (
				BE4FE4D42AF1343500A381FD /* Requests */,
				BE4FE4C82AEF93CA00A381FD /* Models */,
				BE4FE4CB2AF132C700A381FD /* Repository */,
				BE4FE4CC2AF132D100A381FD /* Service */,
			);
			path = Weather;
			sourceTree = "<group>";
		};
		BE4FE4C82AEF93CA00A381FD /* Models */ = {
			isa = PBXGroup;
			children = (
				BED0F5A62B10EA1200156E23 /* WeatherProtocol.swift */,
				BE4FE4C92AEF947200A381FD /* APINinjasWeather.swift */,
				BE2D18BC2B1502CE0012D1F0 /* OpenWeatherMapWeather.swift */,
				BE2D18BE2B1503850012D1F0 /* OpenWeatherMapCodables.swift */,
			);
			path = Models;
			sourceTree = "<group>";
		};
		BE4FE4CB2AF132C700A381FD /* Repository */ = {
			isa = PBXGroup;
			children = (
				BE4FE4CD2AF132F400A381FD /* WeatherRepository.swift */,
				BE4FE4CF2AF1337100A381FD /* MainWeatherRepository.swift */,
			);
			path = Repository;
			sourceTree = "<group>";
		};
		BE4FE4CC2AF132D100A381FD /* Service */ = {
			isa = PBXGroup;
			children = (
				BE4FE4D12AF1339700A381FD /* WeatherService.swift */,
				BE4FE4D52AF1346000A381FD /* APINinjasWeatherService.swift */,
				BE2D18C22B150DAC0012D1F0 /* OpenWeatherMapWeatherService.swift */,
			);
			path = Service;
			sourceTree = "<group>";
		};
		BE4FE4D32AF1341300A381FD /* Requests */ = {
			isa = PBXGroup;
			children = (
				BED0F5A52B10E0E700156E23 /* Geocoding */,
				BED0F5A42B10E0D900156E23 /* Reverse Geocoding */,
			);
			path = Requests;
			sourceTree = "<group>";
		};
		BE4FE4D42AF1343500A381FD /* Requests */ = {
			isa = PBXGroup;
			children = (
				BE4FE4D72AF135DB00A381FD /* APINinjasWeatherRequest.swift */,
				BE2D18C02B150CF40012D1F0 /* OpenWeatherMapWeatherRequest.swift */,
			);
			path = Requests;
			sourceTree = "<group>";
		};
		BE62AF2D2AFA26BE00BEEBFA /* Location Detail */ = {
			isa = PBXGroup;
			children = (
				BE62AF302AFA26DA00BEEBFA /* Views */,
			);
			path = "Location Detail";
			sourceTree = "<group>";
		};
		BE62AF302AFA26DA00BEEBFA /* Views */ = {
			isa = PBXGroup;
			children = (
				BE62AF2E2AFA26D600BEEBFA /* LocationDetailView.swift */,
			);
			path = Views;
			sourceTree = "<group>";
		};
		BE71B8022ACE9F2B003AA99C = {
			isa = PBXGroup;
			children = (
				BE71B80D2ACE9F2B003AA99C /* MiniWeather */,
				BE71B80C2ACE9F2B003AA99C /* Products */,
			);
			sourceTree = "<group>";
		};
		BE71B80C2ACE9F2B003AA99C /* Products */ = {
			isa = PBXGroup;
			children = (
				BE71B80B2ACE9F2B003AA99C /* MiniWeather.app */,
			);
			name = Products;
			sourceTree = "<group>";
		};
		BE71B80D2ACE9F2B003AA99C /* MiniWeather */ = {
			isa = PBXGroup;
			children = (
				BE4FE4BD2AEC4A3B00A381FD /* Other */,
				BE4FE4BA2AEC397000A381FD /* Extensions */,
				BE4FE49B2AEC12EB00A381FD /* UI */,
				BE4FE4C22AECE28F00A381FD /* App Dependencies */,
				BE71B80E2ACE9F2B003AA99C /* MiniWeatherApp.swift */,
				BE71B8142ACE9F2C003AA99C /* Assets.xcassets */,
				BE71B8192ACE9F2C003AA99C /* MiniWeather.entitlements */,
				BE71B81A2ACE9F2C003AA99C /* Info.plist */,
				BE71B8162ACE9F2C003AA99C /* Preview Content */,
			);
			path = MiniWeather;
			sourceTree = "<group>";
		};
		BE71B8162ACE9F2C003AA99C /* Preview Content */ = {
			isa = PBXGroup;
			children = (
				BE71B8172ACE9F2C003AA99C /* Preview Assets.xcassets */,
			);
			path = "Preview Content";
			sourceTree = "<group>";
		};
		BE75A35D2B16372C0041ED46 /* Provider */ = {
			isa = PBXGroup;
			children = (
				BE75A3592B1630210041ED46 /* SavedLocationsProvider.swift */,
				BE75A35B2B1632040041ED46 /* MainSavedLocationsProvider.swift */,
			);
			path = Provider;
			sourceTree = "<group>";
		};
		BE75A35E2B163A800041ED46 /* Repository */ = {
			isa = PBXGroup;
			children = (
				BE75A35F2B163ABC0041ED46 /* SavedLocationsRepository.swift */,
				BE75A3612B163B5E0041ED46 /* MainSavedLocationsRepository.swift */,
			);
			path = Repository;
			sourceTree = "<group>";
		};
		BED0F59B2B0BA10C00156E23 /* LocationManagerDelegate */ = {
			isa = PBXGroup;
			children = (
				BE4675192AFFB38400E9FAA3 /* LocationManagerDelegate.swift */,
				BED0F5992B0B9AEE00156E23 /* MainLocationManagerDelegate.swift */,
			);
			path = LocationManagerDelegate;
			sourceTree = "<group>";
		};
		BED0F5A42B10E0D900156E23 /* Reverse Geocoding */ = {
			isa = PBXGroup;
			children = (
				BED0F5A22B10D84E00156E23 /* OpenWeatherMapReverseGeocodingRequest.swift */,
				BEFE255D2B061D1300AB5DED /* APINinjasReverseGeocodingRequest.swift */,
			);
			path = "Reverse Geocoding";
			sourceTree = "<group>";
		};
		BED0F5A52B10E0E700156E23 /* Geocoding */ = {
			isa = PBXGroup;
			children = (
				BE4FE4922AEC08D100A381FD /* APINinjasGeocodingRequest.swift */,
				BED0F5A02B10D47200156E23 /* OpenWeatherMapGeocodingRequest.swift */,
			);
			path = Geocoding;
			sourceTree = "<group>";
		};
		BED0F5AA2B11ED2800156E23 /* Datastore */ = {
			isa = PBXGroup;
			children = (
				BED0F5AB2B11EDBE00156E23 /* Datastore.swift */,
				BE928F162B177D5C0083CC96 /* KeyValueStore.swift */,
				BE44D6B22B128EE700897390 /* MemoryDatastore.swift */,
				BED0F5AD2B12123D00156E23 /* UserDefaultsDatastore.swift */,
				BE5561E72B17CAF900AB97FE /* CloudKeyValueDatastoreUpdateHandler.swift */,
				BE928F1A2B1799610083CC96 /* CloudKeyValueDatastore.swift */,
			);
			path = Datastore;
			sourceTree = "<group>";
		};
		BED750B32B160BDD00E2CF9E /* Current Location */ = {
			isa = PBXGroup;
			children = (
				BED750C32B1622AC00E2CF9E /* Repository */,
				BED750C42B1622BD00E2CF9E /* Provider */,
			);
			path = "Current Location";
			sourceTree = "<group>";
		};
		BED750B42B160CF400E2CF9E /* Repository */ = {
			isa = PBXGroup;
			children = (
				BEFE25552B04EDCF00AB5DED /* UserLocationCoordinatesRepository.swift */,
				BEFE25572B0600EF00AB5DED /* MainUserLocationCoordinatesRepository.swift */,
			);
			path = Repository;
			sourceTree = "<group>";
		};
		BED750B52B160CFC00E2CF9E /* Provider */ = {
			isa = PBXGroup;
			children = (
				BEFE25622B06273D00AB5DED /* UserLocationProvider.swift */,
			);
			path = Provider;
			sourceTree = "<group>";
		};
		BED750B62B160D1700E2CF9E /* Repository */ = {
			isa = PBXGroup;
			children = (
				BEFE25592B060D5500AB5DED /* UserLocationAuthorisationRepository.swift */,
				BEFE255B2B060EDD00AB5DED /* MainUserLocationAuthorisationRepository.swift */,
			);
			path = Repository;
			sourceTree = "<group>";
		};
		BED750B72B160D2000E2CF9E /* Provider */ = {
			isa = PBXGroup;
			children = (
				BEFE25642B06279100AB5DED /* UserLocationAuthorisationProvider.swift */,
			);
			path = Provider;
			sourceTree = "<group>";
		};
		BED750C32B1622AC00E2CF9E /* Repository */ = {
			isa = PBXGroup;
			children = (
				BED750B82B16104300E2CF9E /* CurrentLocationRepository.swift */,
				BED750BA2B16116A00E2CF9E /* MainCurrentLocationRepository.swift */,
			);
			path = Repository;
			sourceTree = "<group>";
		};
		BED750C42B1622BD00E2CF9E /* Provider */ = {
			isa = PBXGroup;
			children = (
				BED750BC2B161FEF00E2CF9E /* CurrentLocationProvider.swift */,
				BED750C02B16218800E2CF9E /* MainCurrentLocationProvider.swift */,
			);
			path = Provider;
			sourceTree = "<group>";
		};
		BED750C52B162C5900E2CF9E /* Saved Locations */ = {
			isa = PBXGroup;
			children = (
				BE75A35E2B163A800041ED46 /* Repository */,
				BE75A35D2B16372C0041ED46 /* Provider */,
			);
			path = "Saved Locations";
			sourceTree = "<group>";
		};
		BEF4E7E02ACF41A10043BE93 /* Locations */ = {
			isa = PBXGroup;
			children = (
				BEF4E7E42ACF41D90043BE93 /* Views */,
				BE4E41B72AFBE5DE008B07D5 /* Models */,
			);
			path = Locations;
			sourceTree = "<group>";
		};
		BEF4E7E42ACF41D90043BE93 /* Views */ = {
			isa = PBXGroup;
			children = (
				BE71B8102ACE9F2B003AA99C /* LocationsView.swift */,
				BE4FE4C52AEEC40700A381FD /* LocationCell.swift */,
				BEFE25662B06918200AB5DED /* LocationAuthorisationCell.swift */,
			);
			path = Views;
			sourceTree = "<group>";
		};
		BEFE25542B04BCA800AB5DED /* User Location Coordinates */ = {
			isa = PBXGroup;
			children = (
				BED750B42B160CF400E2CF9E /* Repository */,
				BED750B52B160CFC00E2CF9E /* Provider */,
			);
			path = "User Location Coordinates";
			sourceTree = "<group>";
		};
		BEFE255F2B0625AB00AB5DED /* Listener & Broadcaster */ = {
			isa = PBXGroup;
			children = (
				BE4E41B32AFA45A2008B07D5 /* Listener.swift */,
				BEFE25602B06267A00AB5DED /* Broadcaster.swift */,
			);
			path = "Listener & Broadcaster";
			sourceTree = "<group>";
		};
/* End PBXGroup section */

/* Begin PBXNativeTarget section */
		BE71B80A2ACE9F2B003AA99C /* MiniWeather */ = {
			isa = PBXNativeTarget;
			buildConfigurationList = BE71B81D2ACE9F2C003AA99C /* Build configuration list for PBXNativeTarget "MiniWeather" */;
			buildPhases = (
				BE71B8072ACE9F2B003AA99C /* Sources */,
				BE71B8082ACE9F2B003AA99C /* Frameworks */,
				BE71B8092ACE9F2B003AA99C /* Resources */,
			);
			buildRules = (
			);
			dependencies = (
			);
			name = MiniWeather;
			productName = MiniWeather;
			productReference = BE71B80B2ACE9F2B003AA99C /* MiniWeather.app */;
			productType = "com.apple.product-type.application";
		};
/* End PBXNativeTarget section */

/* Begin PBXProject section */
		BE71B8032ACE9F2B003AA99C /* Project object */ = {
			isa = PBXProject;
			attributes = {
				BuildIndependentTargetsInParallel = 1;
				LastSwiftUpdateCheck = 1500;
				LastUpgradeCheck = 1500;
				TargetAttributes = {
					BE71B80A2ACE9F2B003AA99C = {
						CreatedOnToolsVersion = 15.0;
					};
				};
			};
			buildConfigurationList = BE71B8062ACE9F2B003AA99C /* Build configuration list for PBXProject "MiniWeather" */;
			compatibilityVersion = "Xcode 14.0";
			developmentRegion = en;
			hasScannedForEncodings = 0;
			knownRegions = (
				en,
				Base,
			);
			mainGroup = BE71B8022ACE9F2B003AA99C;
			productRefGroup = BE71B80C2ACE9F2B003AA99C /* Products */;
			projectDirPath = "";
			projectRoot = "";
			targets = (
				BE71B80A2ACE9F2B003AA99C /* MiniWeather */,
			);
		};
/* End PBXProject section */

/* Begin PBXResourcesBuildPhase section */
		BE71B8092ACE9F2B003AA99C /* Resources */ = {
			isa = PBXResourcesBuildPhase;
			buildActionMask = 2147483647;
			files = (
				BE71B8182ACE9F2C003AA99C /* Preview Assets.xcassets in Resources */,
				BE71B8152ACE9F2C003AA99C /* Assets.xcassets in Resources */,
			);
			runOnlyForDeploymentPostprocessing = 0;
		};
/* End PBXResourcesBuildPhase section */

/* Begin PBXSourcesBuildPhase section */
		BE71B8072ACE9F2B003AA99C /* Sources */ = {
			isa = PBXSourcesBuildPhase;
			buildActionMask = 2147483647;
			files = (
				BE5561E82B17CAF900AB97FE /* CloudKeyValueDatastoreUpdateHandler.swift in Sources */,
				BE4FE4C42AECE5D200A381FD /* DependencyFactory.swift in Sources */,
				BE4FE4B82AEC242F00A381FD /* StandardDataParser.swift in Sources */,
				BE75A35A2B1630210041ED46 /* SavedLocationsProvider.swift in Sources */,
				BE62AF2F2AFA26D600BEEBFA /* LocationDetailView.swift in Sources */,
				BE4FE49F2AEC1A0C00A381FD /* GeocoderService.swift in Sources */,
				BE928F172B177D5C0083CC96 /* KeyValueStore.swift in Sources */,
				BED0F5AE2B12123D00156E23 /* UserDefaultsDatastore.swift in Sources */,
				BE46751A2AFFB38400E9FAA3 /* LocationManagerDelegate.swift in Sources */,
				BE4FE4CA2AEF947200A381FD /* APINinjasWeather.swift in Sources */,
				BED750BD2B161FEF00E2CF9E /* CurrentLocationProvider.swift in Sources */,
				BE4B45BC2B06C56D007DBF66 /* ShapeStyle+Extensions.swift in Sources */,
				BE4FE4A82AEC1EC900A381FD /* HTTPMethod.swift in Sources */,
				BE4E41B42AFA45A2008B07D5 /* Listener.swift in Sources */,
				BED0F59A2B0B9AEE00156E23 /* MainLocationManagerDelegate.swift in Sources */,
				BE4FE4932AEC08D100A381FD /* APINinjasGeocodingRequest.swift in Sources */,
				BE4FE4BF2AEC4A4300A381FD /* CountryCodes.swift in Sources */,
				BE4675182AFE8EEE00E9FAA3 /* View+Extensions.swift in Sources */,
				BE7DA77B2AE69EDE0016047C /* APINinjasGeocoderService.swift in Sources */,
				BE2D18BD2B1502CE0012D1F0 /* OpenWeatherMapWeather.swift in Sources */,
				BE71B8112ACE9F2B003AA99C /* LocationsView.swift in Sources */,
				BE4FE4D62AF1346000A381FD /* APINinjasWeatherService.swift in Sources */,
				BE75A35C2B1632040041ED46 /* MainSavedLocationsProvider.swift in Sources */,
				BEFE25532B04A86000AB5DED /* CLAuthorizationStatus+Extensions.swift in Sources */,
				BEFE25672B06918200AB5DED /* LocationAuthorisationCell.swift in Sources */,
				BE2D18BF2B1503850012D1F0 /* OpenWeatherMapCodables.swift in Sources */,
				BED0F5A72B10EA1200156E23 /* WeatherProtocol.swift in Sources */,
				BE4FE4D02AF1337100A381FD /* MainWeatherRepository.swift in Sources */,
				BEFE255E2B061D1300AB5DED /* APINinjasReverseGeocodingRequest.swift in Sources */,
				BEFE255C2B060EDD00AB5DED /* MainUserLocationAuthorisationRepository.swift in Sources */,
				BE4FE4B12AEC228200A381FD /* MainTimeZoneRepository.swift in Sources */,
				BE4FE4D22AF1339700A381FD /* WeatherService.swift in Sources */,
				BE4FE4952AEC08FB00A381FD /* APINinjasTimeZoneRequest.swift in Sources */,
				BE4FE4B52AEC22D800A381FD /* TimeZoneIdentifier.swift in Sources */,
				BED750C12B16218800E2CF9E /* MainCurrentLocationProvider.swift in Sources */,
				BE75A3622B163B5E0041ED46 /* MainSavedLocationsRepository.swift in Sources */,
				BE4FE4AD2AEC21F700A381FD /* AppleGeocoderService.swift in Sources */,
				BE4FE4AA2AEC1F1000A381FD /* NetworkError.swift in Sources */,
				BE7DA7872AEA6E550016047C /* Request.swift in Sources */,
				BEFE25582B0600EF00AB5DED /* MainUserLocationCoordinatesRepository.swift in Sources */,
				BED0F5A92B11043900156E23 /* OpenWeatherMapLocation.swift in Sources */,
				BEFE25612B06267A00AB5DED /* Broadcaster.swift in Sources */,
				BE4FE4972AEC098300A381FD /* APINinjasLocation.swift in Sources */,
				BE75A3602B163ABC0041ED46 /* SavedLocationsRepository.swift in Sources */,
				BED0F59F2B10D1CC00156E23 /* OpenWeatherMapGeocoderService.swift in Sources */,
				BE2D18C12B150CF40012D1F0 /* OpenWeatherMapWeatherRequest.swift in Sources */,
				BE44D6B32B128EE700897390 /* MemoryDatastore.swift in Sources */,
				BE4FE4A62AEC1E2500A381FD /* NetworkService.swift in Sources */,
				BED0F5A32B10D84E00156E23 /* OpenWeatherMapReverseGeocodingRequest.swift in Sources */,
				BE4FE4CE2AF132F400A381FD /* WeatherRepository.swift in Sources */,
				BED750BB2B16116A00E2CF9E /* MainCurrentLocationRepository.swift in Sources */,
				BED0F59D2B0DF73200156E23 /* Sequence+Async.swift in Sources */,
				BE4FE4BC2AEC399E00A381FD /* CLPlacemark+Extensions.swift in Sources */,
				BE4FE49A2AEC0FEA00A381FD /* TimeZoneService.swift in Sources */,
				BE4FE4D82AF135DB00A381FD /* APINinjasWeatherRequest.swift in Sources */,
				BE2D18BB2B134F0A0012D1F0 /* OpenWeatherMapTimeZoneService.swift in Sources */,
				BE62AF322AFA2A0000BEEBFA /* UniversalConstants.swift in Sources */,
				BE4FE49D2AEC187000A381FD /* TimeZoneRepository.swift in Sources */,
				BE4E41B92AFBE61C008B07D5 /* ViewModel.swift in Sources */,
				BEFE25632B06273D00AB5DED /* UserLocationProvider.swift in Sources */,
				BE4FE4C62AEEC40700A381FD /* LocationCell.swift in Sources */,
				BE71B8132ACE9F2B003AA99C /* Location.swift in Sources */,
				BE4FE4C12AEC4DE900A381FD /* APINinjasTimeZoneService.swift in Sources */,
				BE928F1B2B1799610083CC96 /* CloudKeyValueDatastore.swift in Sources */,
				BED0F5A12B10D47200156E23 /* OpenWeatherMapGeocodingRequest.swift in Sources */,
				BED0F5AC2B11EDBE00156E23 /* Datastore.swift in Sources */,
				BEFE25652B06279100AB5DED /* UserLocationAuthorisationProvider.swift in Sources */,
				BE71B80F2ACE9F2B003AA99C /* MiniWeatherApp.swift in Sources */,
				BEFE255A2B060D5500AB5DED /* UserLocationAuthorisationRepository.swift in Sources */,
				BEFE25562B04EDCF00AB5DED /* UserLocationCoordinatesRepository.swift in Sources */,
				BE4FE4A32AEC1D2500A381FD /* LocationsSearchRepository.swift in Sources */,
				BE2D18C32B150DAC0012D1F0 /* OpenWeatherMapWeatherService.swift in Sources */,
				BE7DA77D2AE6B42A0016047C /* StandardNetworkService.swift in Sources */,
				BED750B92B16104300E2CF9E /* CurrentLocationRepository.swift in Sources */,
				BE7DA7852AE99D800016047C /* DataParser.swift in Sources */,
				BE9F20F82AD0624A00CDC9F4 /* MainLocationsSearchRepository.swift in Sources */,
			);
			runOnlyForDeploymentPostprocessing = 0;
		};
/* End PBXSourcesBuildPhase section */

/* Begin XCBuildConfiguration section */
		BE71B81B2ACE9F2C003AA99C /* Debug */ = {
			isa = XCBuildConfiguration;
			buildSettings = {
				ALWAYS_SEARCH_USER_PATHS = NO;
				ASSETCATALOG_COMPILER_GENERATE_SWIFT_ASSET_SYMBOL_EXTENSIONS = YES;
				CLANG_ANALYZER_NONNULL = YES;
				CLANG_ANALYZER_NUMBER_OBJECT_CONVERSION = YES_AGGRESSIVE;
				CLANG_CXX_LANGUAGE_STANDARD = "gnu++20";
				CLANG_ENABLE_MODULES = YES;
				CLANG_ENABLE_OBJC_ARC = YES;
				CLANG_ENABLE_OBJC_WEAK = YES;
				CLANG_WARN_BLOCK_CAPTURE_AUTORELEASING = YES;
				CLANG_WARN_BOOL_CONVERSION = YES;
				CLANG_WARN_COMMA = YES;
				CLANG_WARN_CONSTANT_CONVERSION = YES;
				CLANG_WARN_DEPRECATED_OBJC_IMPLEMENTATIONS = YES;
				CLANG_WARN_DIRECT_OBJC_ISA_USAGE = YES_ERROR;
				CLANG_WARN_DOCUMENTATION_COMMENTS = YES;
				CLANG_WARN_EMPTY_BODY = YES;
				CLANG_WARN_ENUM_CONVERSION = YES;
				CLANG_WARN_INFINITE_RECURSION = YES;
				CLANG_WARN_INT_CONVERSION = YES;
				CLANG_WARN_NON_LITERAL_NULL_CONVERSION = YES;
				CLANG_WARN_OBJC_IMPLICIT_RETAIN_SELF = YES;
				CLANG_WARN_OBJC_LITERAL_CONVERSION = YES;
				CLANG_WARN_OBJC_ROOT_CLASS = YES_ERROR;
				CLANG_WARN_QUOTED_INCLUDE_IN_FRAMEWORK_HEADER = YES;
				CLANG_WARN_RANGE_LOOP_ANALYSIS = YES;
				CLANG_WARN_STRICT_PROTOTYPES = YES;
				CLANG_WARN_SUSPICIOUS_MOVE = YES;
				CLANG_WARN_UNGUARDED_AVAILABILITY = YES_AGGRESSIVE;
				CLANG_WARN_UNREACHABLE_CODE = YES;
				CLANG_WARN__DUPLICATE_METHOD_MATCH = YES;
				COPY_PHASE_STRIP = NO;
				DEBUG_INFORMATION_FORMAT = dwarf;
				ENABLE_STRICT_OBJC_MSGSEND = YES;
				ENABLE_TESTABILITY = YES;
				ENABLE_USER_SCRIPT_SANDBOXING = YES;
				GCC_C_LANGUAGE_STANDARD = gnu17;
				GCC_DYNAMIC_NO_PIC = NO;
				GCC_NO_COMMON_BLOCKS = YES;
				GCC_OPTIMIZATION_LEVEL = 0;
				GCC_PREPROCESSOR_DEFINITIONS = (
					"DEBUG=1",
					"$(inherited)",
				);
				GCC_WARN_64_TO_32_BIT_CONVERSION = YES;
				GCC_WARN_ABOUT_RETURN_TYPE = YES_ERROR;
				GCC_WARN_UNDECLARED_SELECTOR = YES;
				GCC_WARN_UNINITIALIZED_AUTOS = YES_AGGRESSIVE;
				GCC_WARN_UNUSED_FUNCTION = YES;
				GCC_WARN_UNUSED_VARIABLE = YES;
				IPHONEOS_DEPLOYMENT_TARGET = 17.0;
				LOCALIZATION_PREFERS_STRING_CATALOGS = YES;
				MTL_ENABLE_DEBUG_INFO = INCLUDE_SOURCE;
				MTL_FAST_MATH = YES;
				ONLY_ACTIVE_ARCH = YES;
				SDKROOT = iphoneos;
				SWIFT_ACTIVE_COMPILATION_CONDITIONS = "DEBUG $(inherited)";
				SWIFT_OPTIMIZATION_LEVEL = "-Onone";
			};
			name = Debug;
		};
		BE71B81C2ACE9F2C003AA99C /* Release */ = {
			isa = XCBuildConfiguration;
			buildSettings = {
				ALWAYS_SEARCH_USER_PATHS = NO;
				ASSETCATALOG_COMPILER_GENERATE_SWIFT_ASSET_SYMBOL_EXTENSIONS = YES;
				CLANG_ANALYZER_NONNULL = YES;
				CLANG_ANALYZER_NUMBER_OBJECT_CONVERSION = YES_AGGRESSIVE;
				CLANG_CXX_LANGUAGE_STANDARD = "gnu++20";
				CLANG_ENABLE_MODULES = YES;
				CLANG_ENABLE_OBJC_ARC = YES;
				CLANG_ENABLE_OBJC_WEAK = YES;
				CLANG_WARN_BLOCK_CAPTURE_AUTORELEASING = YES;
				CLANG_WARN_BOOL_CONVERSION = YES;
				CLANG_WARN_COMMA = YES;
				CLANG_WARN_CONSTANT_CONVERSION = YES;
				CLANG_WARN_DEPRECATED_OBJC_IMPLEMENTATIONS = YES;
				CLANG_WARN_DIRECT_OBJC_ISA_USAGE = YES_ERROR;
				CLANG_WARN_DOCUMENTATION_COMMENTS = YES;
				CLANG_WARN_EMPTY_BODY = YES;
				CLANG_WARN_ENUM_CONVERSION = YES;
				CLANG_WARN_INFINITE_RECURSION = YES;
				CLANG_WARN_INT_CONVERSION = YES;
				CLANG_WARN_NON_LITERAL_NULL_CONVERSION = YES;
				CLANG_WARN_OBJC_IMPLICIT_RETAIN_SELF = YES;
				CLANG_WARN_OBJC_LITERAL_CONVERSION = YES;
				CLANG_WARN_OBJC_ROOT_CLASS = YES_ERROR;
				CLANG_WARN_QUOTED_INCLUDE_IN_FRAMEWORK_HEADER = YES;
				CLANG_WARN_RANGE_LOOP_ANALYSIS = YES;
				CLANG_WARN_STRICT_PROTOTYPES = YES;
				CLANG_WARN_SUSPICIOUS_MOVE = YES;
				CLANG_WARN_UNGUARDED_AVAILABILITY = YES_AGGRESSIVE;
				CLANG_WARN_UNREACHABLE_CODE = YES;
				CLANG_WARN__DUPLICATE_METHOD_MATCH = YES;
				COPY_PHASE_STRIP = NO;
				DEBUG_INFORMATION_FORMAT = "dwarf-with-dsym";
				ENABLE_NS_ASSERTIONS = NO;
				ENABLE_STRICT_OBJC_MSGSEND = YES;
				ENABLE_USER_SCRIPT_SANDBOXING = YES;
				GCC_C_LANGUAGE_STANDARD = gnu17;
				GCC_NO_COMMON_BLOCKS = YES;
				GCC_WARN_64_TO_32_BIT_CONVERSION = YES;
				GCC_WARN_ABOUT_RETURN_TYPE = YES_ERROR;
				GCC_WARN_UNDECLARED_SELECTOR = YES;
				GCC_WARN_UNINITIALIZED_AUTOS = YES_AGGRESSIVE;
				GCC_WARN_UNUSED_FUNCTION = YES;
				GCC_WARN_UNUSED_VARIABLE = YES;
				IPHONEOS_DEPLOYMENT_TARGET = 17.0;
				LOCALIZATION_PREFERS_STRING_CATALOGS = YES;
				MTL_ENABLE_DEBUG_INFO = NO;
				MTL_FAST_MATH = YES;
				SDKROOT = iphoneos;
				SWIFT_COMPILATION_MODE = wholemodule;
				VALIDATE_PRODUCT = YES;
			};
			name = Release;
		};
		BE71B81E2ACE9F2C003AA99C /* Debug */ = {
			isa = XCBuildConfiguration;
			buildSettings = {
				ASSETCATALOG_COMPILER_APPICON_NAME = AppIcon;
				ASSETCATALOG_COMPILER_GLOBAL_ACCENT_COLOR_NAME = AccentColor;
				CODE_SIGN_ENTITLEMENTS = MiniWeather/MiniWeather.entitlements;
				CODE_SIGN_IDENTITY = "Apple Development";
				CODE_SIGN_STYLE = Automatic;
				CURRENT_PROJECT_VERSION = 1;
				DEVELOPMENT_ASSET_PATHS = "\"MiniWeather/Preview Content\"";
				DEVELOPMENT_TEAM = P75398C8MB;
				ENABLE_PREVIEWS = YES;
				GENERATE_INFOPLIST_FILE = YES;
				INFOPLIST_FILE = MiniWeather/Info.plist;
				INFOPLIST_KEY_UIApplicationSceneManifest_Generation = YES;
				INFOPLIST_KEY_UIApplicationSupportsIndirectInputEvents = YES;
				INFOPLIST_KEY_UILaunchScreen_Generation = YES;
				INFOPLIST_KEY_UISupportedInterfaceOrientations_iPad = "UIInterfaceOrientationPortrait UIInterfaceOrientationPortraitUpsideDown UIInterfaceOrientationLandscapeLeft UIInterfaceOrientationLandscapeRight";
				INFOPLIST_KEY_UISupportedInterfaceOrientations_iPhone = "UIInterfaceOrientationPortrait UIInterfaceOrientationLandscapeLeft UIInterfaceOrientationLandscapeRight";
				LD_RUNPATH_SEARCH_PATHS = (
					"$(inherited)",
					"@executable_path/Frameworks",
				);
				MARKETING_VERSION = 1.0;
				PRODUCT_BUNDLE_IDENTIFIER = com.okoroezenwa.MiniWeather;
				PRODUCT_NAME = "$(TARGET_NAME)";
				PROVISIONING_PROFILE_SPECIFIER = "";
				SUPPORTED_PLATFORMS = "iphoneos iphonesimulator macosx";
				SUPPORTS_MACCATALYST = NO;
				SUPPORTS_MAC_DESIGNED_FOR_IPHONE_IPAD = NO;
				SWIFT_EMIT_LOC_STRINGS = YES;
				SWIFT_STRICT_CONCURRENCY = complete;
				SWIFT_VERSION = 5.0;
				TARGETED_DEVICE_FAMILY = "1,2";
			};
			name = Debug;
		};
		BE71B81F2ACE9F2C003AA99C /* Release */ = {
			isa = XCBuildConfiguration;
			buildSettings = {
				ASSETCATALOG_COMPILER_APPICON_NAME = AppIcon;
				ASSETCATALOG_COMPILER_GLOBAL_ACCENT_COLOR_NAME = AccentColor;
				CODE_SIGN_ENTITLEMENTS = MiniWeather/MiniWeather.entitlements;
				CODE_SIGN_IDENTITY = "Apple Development";
				CODE_SIGN_STYLE = Automatic;
				CURRENT_PROJECT_VERSION = 1;
				DEVELOPMENT_ASSET_PATHS = "\"MiniWeather/Preview Content\"";
				DEVELOPMENT_TEAM = P75398C8MB;
				ENABLE_PREVIEWS = YES;
				GENERATE_INFOPLIST_FILE = YES;
				INFOPLIST_FILE = MiniWeather/Info.plist;
				INFOPLIST_KEY_UIApplicationSceneManifest_Generation = YES;
				INFOPLIST_KEY_UIApplicationSupportsIndirectInputEvents = YES;
				INFOPLIST_KEY_UILaunchScreen_Generation = YES;
				INFOPLIST_KEY_UISupportedInterfaceOrientations_iPad = "UIInterfaceOrientationPortrait UIInterfaceOrientationPortraitUpsideDown UIInterfaceOrientationLandscapeLeft UIInterfaceOrientationLandscapeRight";
				INFOPLIST_KEY_UISupportedInterfaceOrientations_iPhone = "UIInterfaceOrientationPortrait UIInterfaceOrientationLandscapeLeft UIInterfaceOrientationLandscapeRight";
				LD_RUNPATH_SEARCH_PATHS = (
					"$(inherited)",
					"@executable_path/Frameworks",
				);
				MARKETING_VERSION = 1.0;
				PRODUCT_BUNDLE_IDENTIFIER = com.okoroezenwa.MiniWeather;
				PRODUCT_NAME = "$(TARGET_NAME)";
				PROVISIONING_PROFILE_SPECIFIER = "";
				SUPPORTED_PLATFORMS = "iphoneos iphonesimulator macosx";
				SUPPORTS_MACCATALYST = NO;
				SUPPORTS_MAC_DESIGNED_FOR_IPHONE_IPAD = NO;
				SWIFT_EMIT_LOC_STRINGS = YES;
				SWIFT_STRICT_CONCURRENCY = complete;
				SWIFT_VERSION = 5.0;
				TARGETED_DEVICE_FAMILY = "1,2";
			};
			name = Release;
		};
/* End XCBuildConfiguration section */

/* Begin XCConfigurationList section */
		BE71B8062ACE9F2B003AA99C /* Build configuration list for PBXProject "MiniWeather" */ = {
			isa = XCConfigurationList;
			buildConfigurations = (
				BE71B81B2ACE9F2C003AA99C /* Debug */,
				BE71B81C2ACE9F2C003AA99C /* Release */,
			);
			defaultConfigurationIsVisible = 0;
			defaultConfigurationName = Release;
		};
		BE71B81D2ACE9F2C003AA99C /* Build configuration list for PBXNativeTarget "MiniWeather" */ = {
			isa = XCConfigurationList;
			buildConfigurations = (
				BE71B81E2ACE9F2C003AA99C /* Debug */,
				BE71B81F2ACE9F2C003AA99C /* Release */,
			);
			defaultConfigurationIsVisible = 0;
			defaultConfigurationName = Release;
		};
/* End XCConfigurationList section */
	};
	rootObject = BE71B8032ACE9F2B003AA99C /* Project object */;
}
